// !$*UTF8*$!
{
	archiveVersion = 1;
	classes = {
	};
	objectVersion = 46;
	objects = {

/* Begin PBXBuildFile section */
		011BC2AD1A0972F3002D9737 /* VIMTag.m in Sources */ = {isa = PBXBuildFile; fileRef = 011BC2AC1A0972F3002D9737 /* VIMTag.m */; };
		1B374A2519D1D3CA004B011B /* VIMInteraction.m in Sources */ = {isa = PBXBuildFile; fileRef = 1B374A2419D1D3CA004B011B /* VIMInteraction.m */; };
		1B5D7EEA19D4A01700CFCBF1 /* VIMComment.m in Sources */ = {isa = PBXBuildFile; fileRef = 1B5D7EE919D4A01700CFCBF1 /* VIMComment.m */; };
		1BB16D0E194216B1001B475C /* VIMSessionManager.m in Sources */ = {isa = PBXBuildFile; fileRef = 1BB16D0D194216B1001B475C /* VIMSessionManager.m */; };
		1BB43AEB19D5B8AF00ADD464 /* VIMActivity.m in Sources */ = {isa = PBXBuildFile; fileRef = 1BB43AEA19D5B8AF00ADD464 /* VIMActivity.m */; };
		1BB512F419D34A2F00277888 /* VIMPrivacy.m in Sources */ = {isa = PBXBuildFile; fileRef = 1BB512F319D34A2F00277888 /* VIMPrivacy.m */; };
		1BBDB29B194F48A3004D5515 /* VIMConnection.m in Sources */ = {isa = PBXBuildFile; fileRef = 1BBDB29A194F48A3004D5515 /* VIMConnection.m */; };
		1BBDB29C194F48A3004D5515 /* VIMConnection.m in Sources */ = {isa = PBXBuildFile; fileRef = 1BBDB29A194F48A3004D5515 /* VIMConnection.m */; };
		1BC0690D19AE547600F7B993 /* VIMRequestSerializer.m in Sources */ = {isa = PBXBuildFile; fileRef = 1BC0690C19AE547600F7B993 /* VIMRequestSerializer.m */; };
		5007A5C41A8A846F007C5BF4 /* KeychainUtility.m in Sources */ = {isa = PBXBuildFile; fileRef = 5007A5C31A8A846F007C5BF4 /* KeychainUtility.m */; };
		500AAC5519E6FBAB008DC568 /* VIMGroup.m in Sources */ = {isa = PBXBuildFile; fileRef = 500AAC5419E6FBAB008DC568 /* VIMGroup.m */; };
		5013838A1A1E564A00B63A38 /* VIMReachability.m in Sources */ = {isa = PBXBuildFile; fileRef = 501383891A1E564A00B63A38 /* VIMReachability.m */; };
		5013839C1A1E568F00B63A38 /* VIMAccount.m in Sources */ = {isa = PBXBuildFile; fileRef = 5013838D1A1E568F00B63A38 /* VIMAccount.m */; };
		5013839E1A1E568F00B63A38 /* VIMAccountCredential.m in Sources */ = {isa = PBXBuildFile; fileRef = 501383911A1E568F00B63A38 /* VIMAccountCredential.m */; };
		5013839F1A1E568F00B63A38 /* VIMAccountManager.m in Sources */ = {isa = PBXBuildFile; fileRef = 501383931A1E568F00B63A38 /* VIMAccountManager.m */; };
		501383A01A1E568F00B63A38 /* VIMAccountStore.m in Sources */ = {isa = PBXBuildFile; fileRef = 501383951A1E568F00B63A38 /* VIMAccountStore.m */; };
		501383A31A1E568F00B63A38 /* VIMOAuthAuthenticator.m in Sources */ = {isa = PBXBuildFile; fileRef = 5013839B1A1E568F00B63A38 /* VIMOAuthAuthenticator.m */; };
		501383CE1A1E74A200B63A38 /* VIMAPIConfiguration.m in Sources */ = {isa = PBXBuildFile; fileRef = 501383BF1A1E74A200B63A38 /* VIMAPIConfiguration.m */; };
		501383CF1A1E74A200B63A38 /* VIMAppConfiguration.m in Sources */ = {isa = PBXBuildFile; fileRef = 501383C11A1E74A200B63A38 /* VIMAppConfiguration.m */; };
		501383D01A1E74A200B63A38 /* VIMAppeal.m in Sources */ = {isa = PBXBuildFile; fileRef = 501383C31A1E74A200B63A38 /* VIMAppeal.m */; };
		501383D21A1E74A200B63A38 /* VIMFacebookConfiguration.m in Sources */ = {isa = PBXBuildFile; fileRef = 501383C71A1E74A200B63A38 /* VIMFacebookConfiguration.m */; };
		501383D31A1E74A200B63A38 /* VIMFeaturesConfiguration.m in Sources */ = {isa = PBXBuildFile; fileRef = 501383C91A1E74A200B63A38 /* VIMFeaturesConfiguration.m */; };
		501383D41A1E74A200B63A38 /* VIMTrigger.m in Sources */ = {isa = PBXBuildFile; fileRef = 501383CB1A1E74A200B63A38 /* VIMTrigger.m */; };
		501383D51A1E74A200B63A38 /* VIMVideoLog.m in Sources */ = {isa = PBXBuildFile; fileRef = 501383CD1A1E74A200B63A38 /* VIMVideoLog.m */; };
		501766F919CC6D7700D8DC68 /* VIMResponseSerializer.m in Sources */ = {isa = PBXBuildFile; fileRef = 501766F819CC6D7700D8DC68 /* VIMResponseSerializer.m */; };
		501766FC19CC890600D8DC68 /* VIMSession.m in Sources */ = {isa = PBXBuildFile; fileRef = 501766FB19CC890600D8DC68 /* VIMSession.m */; };
		501766FF19CC89A400D8DC68 /* VIMSessionConfiguration.m in Sources */ = {isa = PBXBuildFile; fileRef = 501766FE19CC89A400D8DC68 /* VIMSessionConfiguration.m */; };
		5017670619CCDB8700D8DC68 /* VIMServerResponseMapper.m in Sources */ = {isa = PBXBuildFile; fileRef = 5017670519CCDB8700D8DC68 /* VIMServerResponseMapper.m */; };
		509173C11AE023EA00215AE0 /* AVAsset+Filesize.m in Sources */ = {isa = PBXBuildFile; fileRef = 509173C01AE023EA00215AE0 /* AVAsset+Filesize.m */; };
		50E0EE231ACEF5F7006BB5EB /* VIMUploadTaskQueueTracker.m in Sources */ = {isa = PBXBuildFile; fileRef = 50E0EE221ACEF5F7006BB5EB /* VIMUploadTaskQueueTracker.m */; };
		50E0EE661AD5BC15006BB5EB /* VIMVideoAsset.m in Sources */ = {isa = PBXBuildFile; fileRef = 50E0EE631AD5BC15006BB5EB /* VIMVideoAsset.m */; };
		50E0EE671AD5BC15006BB5EB /* VIMVideoMetadata.m in Sources */ = {isa = PBXBuildFile; fileRef = 50E0EE651AD5BC15006BB5EB /* VIMVideoMetadata.m */; };
		50E0EE6D1AD5BC28006BB5EB /* VIMNetworkTask.m in Sources */ = {isa = PBXBuildFile; fileRef = 50E0EE6A1AD5BC28006BB5EB /* VIMNetworkTask.m */; };
		50E0EE6E1AD5BC28006BB5EB /* VIMNetworkTaskQueue.m in Sources */ = {isa = PBXBuildFile; fileRef = 50E0EE6C1AD5BC28006BB5EB /* VIMNetworkTaskQueue.m */; };
		50E0EE731AD5BC3A006BB5EB /* VIMTaskQueueDebugger.m in Sources */ = {isa = PBXBuildFile; fileRef = 50E0EE701AD5BC3A006BB5EB /* VIMTaskQueueDebugger.m */; };
		50E0EE7A1AD5C5C2006BB5EB /* VIMNetworkTaskSessionManager.m in Sources */ = {isa = PBXBuildFile; fileRef = 50E0EE791AD5C5C2006BB5EB /* VIMNetworkTaskSessionManager.m */; };
		50E0EE7D1AD5C5D1006BB5EB /* VIMUploadSessionManager.m in Sources */ = {isa = PBXBuildFile; fileRef = 50E0EE7C1AD5C5D1006BB5EB /* VIMUploadSessionManager.m */; };
		50E0EE8B1AD5C687006BB5EB /* VIMActivateTicketTask.m in Sources */ = {isa = PBXBuildFile; fileRef = 50E0EE801AD5C687006BB5EB /* VIMActivateTicketTask.m */; };
		50E0EE8C1AD5C687006BB5EB /* VIMAddMetadataTask.m in Sources */ = {isa = PBXBuildFile; fileRef = 50E0EE821AD5C687006BB5EB /* VIMAddMetadataTask.m */; };
		50E0EE8D1AD5C687006BB5EB /* VIMCreateTicketTask.m in Sources */ = {isa = PBXBuildFile; fileRef = 50E0EE841AD5C687006BB5EB /* VIMCreateTicketTask.m */; };
		50E0EE8E1AD5C687006BB5EB /* VIMTempFileMaker.m in Sources */ = {isa = PBXBuildFile; fileRef = 50E0EE861AD5C687006BB5EB /* VIMTempFileMaker.m */; };
		50E0EE8F1AD5C687006BB5EB /* VIMUploadFileTask.m in Sources */ = {isa = PBXBuildFile; fileRef = 50E0EE881AD5C687006BB5EB /* VIMUploadFileTask.m */; };
		50E0EE901AD5C687006BB5EB /* VIMUploadTask.m in Sources */ = {isa = PBXBuildFile; fileRef = 50E0EE8A1AD5C687006BB5EB /* VIMUploadTask.m */; };
		50E6673219DB5DCE000173DD /* VIMChannel.m in Sources */ = {isa = PBXBuildFile; fileRef = 50E6673119DB5DCE000173DD /* VIMChannel.m */; };
		50EB14D1192BCB61002B908C /* VIMAPIClient.m in Sources */ = {isa = PBXBuildFile; fileRef = 50EB14D0192BCB61002B908C /* VIMAPIClient.m */; };
		50F8F1231AB224ED0066CB6D /* AFHTTPRequestOperation.m in Sources */ = {isa = PBXBuildFile; fileRef = 50F8F0FF1AB224ED0066CB6D /* AFHTTPRequestOperation.m */; };
		50F8F1241AB224ED0066CB6D /* AFHTTPRequestOperationManager.m in Sources */ = {isa = PBXBuildFile; fileRef = 50F8F1011AB224ED0066CB6D /* AFHTTPRequestOperationManager.m */; };
		50F8F1251AB224ED0066CB6D /* AFHTTPSessionManager.m in Sources */ = {isa = PBXBuildFile; fileRef = 50F8F1031AB224ED0066CB6D /* AFHTTPSessionManager.m */; };
		50F8F1261AB224ED0066CB6D /* AFNetworkReachabilityManager.m in Sources */ = {isa = PBXBuildFile; fileRef = 50F8F1061AB224ED0066CB6D /* AFNetworkReachabilityManager.m */; };
		50F8F1271AB224ED0066CB6D /* AFSecurityPolicy.m in Sources */ = {isa = PBXBuildFile; fileRef = 50F8F1081AB224ED0066CB6D /* AFSecurityPolicy.m */; };
		50F8F1281AB224ED0066CB6D /* AFURLConnectionOperation.m in Sources */ = {isa = PBXBuildFile; fileRef = 50F8F10A1AB224ED0066CB6D /* AFURLConnectionOperation.m */; };
		50F8F1291AB224ED0066CB6D /* AFURLRequestSerialization.m in Sources */ = {isa = PBXBuildFile; fileRef = 50F8F10C1AB224ED0066CB6D /* AFURLRequestSerialization.m */; };
		50F8F12A1AB224ED0066CB6D /* AFURLResponseSerialization.m in Sources */ = {isa = PBXBuildFile; fileRef = 50F8F10E1AB224ED0066CB6D /* AFURLResponseSerialization.m */; };
		50F8F12B1AB224ED0066CB6D /* AFURLSessionManager.m in Sources */ = {isa = PBXBuildFile; fileRef = 50F8F1101AB224ED0066CB6D /* AFURLSessionManager.m */; };
		50F8F12C1AB224ED0066CB6D /* AFNetworkActivityIndicatorManager.m in Sources */ = {isa = PBXBuildFile; fileRef = 50F8F1131AB224ED0066CB6D /* AFNetworkActivityIndicatorManager.m */; };
		50F8F12D1AB224ED0066CB6D /* UIActivityIndicatorView+AFNetworking.m in Sources */ = {isa = PBXBuildFile; fileRef = 50F8F1151AB224ED0066CB6D /* UIActivityIndicatorView+AFNetworking.m */; };
		50F8F12E1AB224ED0066CB6D /* UIAlertView+AFNetworking.m in Sources */ = {isa = PBXBuildFile; fileRef = 50F8F1171AB224ED0066CB6D /* UIAlertView+AFNetworking.m */; };
		50F8F12F1AB224ED0066CB6D /* UIButton+AFNetworking.m in Sources */ = {isa = PBXBuildFile; fileRef = 50F8F1191AB224ED0066CB6D /* UIButton+AFNetworking.m */; };
		50F8F1301AB224ED0066CB6D /* UIImageView+AFNetworking.m in Sources */ = {isa = PBXBuildFile; fileRef = 50F8F11B1AB224ED0066CB6D /* UIImageView+AFNetworking.m */; };
		50F8F1311AB224ED0066CB6D /* UIProgressView+AFNetworking.m in Sources */ = {isa = PBXBuildFile; fileRef = 50F8F11E1AB224ED0066CB6D /* UIProgressView+AFNetworking.m */; };
		50F8F1321AB224ED0066CB6D /* UIRefreshControl+AFNetworking.m in Sources */ = {isa = PBXBuildFile; fileRef = 50F8F1201AB224ED0066CB6D /* UIRefreshControl+AFNetworking.m */; };
		50F8F1331AB224ED0066CB6D /* UIWebView+AFNetworking.m in Sources */ = {isa = PBXBuildFile; fileRef = 50F8F1221AB224ED0066CB6D /* UIWebView+AFNetworking.m */; };
		50F8F1791AB37F0F0066CB6D /* AFHTTPSessionManager+Extensions.m in Sources */ = {isa = PBXBuildFile; fileRef = 50F8F1561AB37F0F0066CB6D /* AFHTTPSessionManager+Extensions.m */; };
		50F8F17A1AB37F0F0066CB6D /* NSURLSessionConfiguration+Extensions.m in Sources */ = {isa = PBXBuildFile; fileRef = 50F8F1581AB37F0F0066CB6D /* NSURLSessionConfiguration+Extensions.m */; };
		50F8F1E01AB380CD0066CB6D /* NSString+MD5.m in Sources */ = {isa = PBXBuildFile; fileRef = 50F8F1DF1AB380CD0066CB6D /* NSString+MD5.m */; };
		50FF8B4D1A1BCCFD008BA7DC /* VIMRequestRetryManager.m in Sources */ = {isa = PBXBuildFile; fileRef = 50FF8B4C1A1BCCFD008BA7DC /* VIMRequestRetryManager.m */; };
		685AB7311976BC8E00A61CCA /* VIMErrorDomain.m in Sources */ = {isa = PBXBuildFile; fileRef = 685AB7301976BC8E00A61CCA /* VIMErrorDomain.m */; };
		685AB7341976C05900A61CCA /* VIMUploadErrorDomain.m in Sources */ = {isa = PBXBuildFile; fileRef = 685AB7331976C05900A61CCA /* VIMUploadErrorDomain.m */; };
		687B155919B903770068D14F /* VIMPictureCollection.m in Sources */ = {isa = PBXBuildFile; fileRef = 687B155819B903770068D14F /* VIMPictureCollection.m */; };
		68ED33511974457000EDD22F /* NSError+BaseError.m in Sources */ = {isa = PBXBuildFile; fileRef = 68ED33501974457000EDD22F /* NSError+BaseError.m */; };
		AB633AB618F364ED00971630 /* Foundation.framework in Frameworks */ = {isa = PBXBuildFile; fileRef = AB633AB518F364ED00971630 /* Foundation.framework */; };
		AB633ABB18F364ED00971630 /* VIMNetworking.h in CopyFiles */ = {isa = PBXBuildFile; fileRef = AB633ABA18F364ED00971630 /* VIMNetworking.h */; };
		AB633AC418F364ED00971630 /* XCTest.framework in Frameworks */ = {isa = PBXBuildFile; fileRef = AB633AC318F364ED00971630 /* XCTest.framework */; };
		AB633AC518F364ED00971630 /* Foundation.framework in Frameworks */ = {isa = PBXBuildFile; fileRef = AB633AB518F364ED00971630 /* Foundation.framework */; };
		AB633ACA18F364ED00971630 /* libVIMNetworking.a in Frameworks */ = {isa = PBXBuildFile; fileRef = AB633AB218F364ED00971630 /* libVIMNetworking.a */; };
		AB633AD018F364ED00971630 /* InfoPlist.strings in Resources */ = {isa = PBXBuildFile; fileRef = AB633ACE18F364ED00971630 /* InfoPlist.strings */; };
		AB633AD218F364ED00971630 /* VIMNetworkingTests.m in Sources */ = {isa = PBXBuildFile; fileRef = AB633AD118F364ED00971630 /* VIMNetworkingTests.m */; };
		AB633B4518F365AB00971630 /* VIMRequestDescriptor.m in Sources */ = {isa = PBXBuildFile; fileRef = AB633AFF18F365AB00971630 /* VIMRequestDescriptor.m */; };
		AB633B4618F365AB00971630 /* VIMRequestOperation.m in Sources */ = {isa = PBXBuildFile; fileRef = AB633B0118F365AB00971630 /* VIMRequestOperation.m */; };
		AB633B4718F365AB00971630 /* VIMServerResponse.m in Sources */ = {isa = PBXBuildFile; fileRef = AB633B0418F365AB00971630 /* VIMServerResponse.m */; };
		AB633B4918F365AB00971630 /* VIMRequestOperationManager.m in Sources */ = {isa = PBXBuildFile; fileRef = AB633B0818F365AB00971630 /* VIMRequestOperationManager.m */; };
		AB633B5818F365AB00971630 /* VIMPicture.m in Sources */ = {isa = PBXBuildFile; fileRef = AB633B2C18F365AB00971630 /* VIMPicture.m */; };
		AB633B5918F365AB00971630 /* VIMUser.m in Sources */ = {isa = PBXBuildFile; fileRef = AB633B2E18F365AB00971630 /* VIMUser.m */; };
		AB633B5A18F365AB00971630 /* VIMVideo.m in Sources */ = {isa = PBXBuildFile; fileRef = AB633B3018F365AB00971630 /* VIMVideo.m */; };
		AB633B5B18F365AB00971630 /* VIMVideoFile.m in Sources */ = {isa = PBXBuildFile; fileRef = AB633B3218F365AB00971630 /* VIMVideoFile.m */; };
		AB633B6E18F36B1E00971630 /* VIMCache.m in Sources */ = {isa = PBXBuildFile; fileRef = AB633B6818F36B1E00971630 /* VIMCache.m */; };
		AFCC3CBD1ACE2AC400D24B3B /* VIMModelObject.m in Sources */ = {isa = PBXBuildFile; fileRef = AFCC3CB91ACE2AC400D24B3B /* VIMModelObject.m */; };
		AFCC3CBE1ACE2AC400D24B3B /* VIMObjectMapper.m in Sources */ = {isa = PBXBuildFile; fileRef = AFCC3CBB1ACE2AC400D24B3B /* VIMObjectMapper.m */; };
		AFCC3CD81ACE305800D24B3B /* VIMTask.m in Sources */ = {isa = PBXBuildFile; fileRef = AFCC3CC11ACE305800D24B3B /* VIMTask.m */; };
		AFCC3CD91ACE305800D24B3B /* VIMTaskQueue.m in Sources */ = {isa = PBXBuildFile; fileRef = AFCC3CC31ACE305800D24B3B /* VIMTaskQueue.m */; };
		AFCC3CE21ACE305800D24B3B /* VIMUploadTaskQueue.m in Sources */ = {isa = PBXBuildFile; fileRef = AFCC3CD71ACE305800D24B3B /* VIMUploadTaskQueue.m */; };
/* End PBXBuildFile section */

/* Begin PBXContainerItemProxy section */
		AB633AC818F364ED00971630 /* PBXContainerItemProxy */ = {
			isa = PBXContainerItemProxy;
			containerPortal = AB633AAA18F364ED00971630 /* Project object */;
			proxyType = 1;
			remoteGlobalIDString = AB633AB118F364ED00971630;
			remoteInfo = VIMNetworking;
		};
/* End PBXContainerItemProxy section */

/* Begin PBXCopyFilesBuildPhase section */
		AB633AB018F364ED00971630 /* CopyFiles */ = {
			isa = PBXCopyFilesBuildPhase;
			buildActionMask = 2147483647;
			dstPath = "include/$(PRODUCT_NAME)";
			dstSubfolderSpec = 16;
			files = (
				AB633ABB18F364ED00971630 /* VIMNetworking.h in CopyFiles */,
			);
			runOnlyForDeploymentPostprocessing = 0;
		};
/* End PBXCopyFilesBuildPhase section */

/* Begin PBXFileReference section */
		011BC2AB1A0972F3002D9737 /* VIMTag.h */ = {isa = PBXFileReference; fileEncoding = 4; lastKnownFileType = sourcecode.c.h; path = VIMTag.h; sourceTree = "<group>"; };
		011BC2AC1A0972F3002D9737 /* VIMTag.m */ = {isa = PBXFileReference; fileEncoding = 4; lastKnownFileType = sourcecode.c.objc; path = VIMTag.m; sourceTree = "<group>"; };
		1B374A2319D1D3CA004B011B /* VIMInteraction.h */ = {isa = PBXFileReference; fileEncoding = 4; lastKnownFileType = sourcecode.c.h; path = VIMInteraction.h; sourceTree = "<group>"; };
		1B374A2419D1D3CA004B011B /* VIMInteraction.m */ = {isa = PBXFileReference; fileEncoding = 4; lastKnownFileType = sourcecode.c.objc; path = VIMInteraction.m; sourceTree = "<group>"; };
		1B5D7EE819D4A01700CFCBF1 /* VIMComment.h */ = {isa = PBXFileReference; fileEncoding = 4; lastKnownFileType = sourcecode.c.h; path = VIMComment.h; sourceTree = "<group>"; };
		1B5D7EE919D4A01700CFCBF1 /* VIMComment.m */ = {isa = PBXFileReference; fileEncoding = 4; lastKnownFileType = sourcecode.c.objc; path = VIMComment.m; sourceTree = "<group>"; };
		1BB16D0C194216B1001B475C /* VIMSessionManager.h */ = {isa = PBXFileReference; fileEncoding = 4; lastKnownFileType = sourcecode.c.h; path = VIMSessionManager.h; sourceTree = "<group>"; };
		1BB16D0D194216B1001B475C /* VIMSessionManager.m */ = {isa = PBXFileReference; fileEncoding = 4; lastKnownFileType = sourcecode.c.objc; path = VIMSessionManager.m; sourceTree = "<group>"; };
		1BB43AE919D5B8AF00ADD464 /* VIMActivity.h */ = {isa = PBXFileReference; fileEncoding = 4; lastKnownFileType = sourcecode.c.h; lineEnding = 0; path = VIMActivity.h; sourceTree = "<group>"; xcLanguageSpecificationIdentifier = xcode.lang.objcpp; };
		1BB43AEA19D5B8AF00ADD464 /* VIMActivity.m */ = {isa = PBXFileReference; fileEncoding = 4; lastKnownFileType = sourcecode.c.objc; lineEnding = 0; path = VIMActivity.m; sourceTree = "<group>"; xcLanguageSpecificationIdentifier = xcode.lang.objc; };
		1BB512F219D34A2F00277888 /* VIMPrivacy.h */ = {isa = PBXFileReference; fileEncoding = 4; lastKnownFileType = sourcecode.c.h; path = VIMPrivacy.h; sourceTree = "<group>"; };
		1BB512F319D34A2F00277888 /* VIMPrivacy.m */ = {isa = PBXFileReference; fileEncoding = 4; lastKnownFileType = sourcecode.c.objc; path = VIMPrivacy.m; sourceTree = "<group>"; };
		1BBDB299194F48A3004D5515 /* VIMConnection.h */ = {isa = PBXFileReference; fileEncoding = 4; lastKnownFileType = sourcecode.c.h; path = VIMConnection.h; sourceTree = "<group>"; };
		1BBDB29A194F48A3004D5515 /* VIMConnection.m */ = {isa = PBXFileReference; fileEncoding = 4; lastKnownFileType = sourcecode.c.objc; path = VIMConnection.m; sourceTree = "<group>"; };
		1BC0690B19AE547600F7B993 /* VIMRequestSerializer.h */ = {isa = PBXFileReference; fileEncoding = 4; lastKnownFileType = sourcecode.c.h; path = VIMRequestSerializer.h; sourceTree = "<group>"; };
		1BC0690C19AE547600F7B993 /* VIMRequestSerializer.m */ = {isa = PBXFileReference; fileEncoding = 4; lastKnownFileType = sourcecode.c.objc; path = VIMRequestSerializer.m; sourceTree = "<group>"; };
		5007A5BA1A801485007C5BF4 /* Security.framework */ = {isa = PBXFileReference; lastKnownFileType = wrapper.framework; name = Security.framework; path = System/Library/Frameworks/Security.framework; sourceTree = SDKROOT; };
		5007A5C21A8A846F007C5BF4 /* KeychainUtility.h */ = {isa = PBXFileReference; fileEncoding = 4; lastKnownFileType = sourcecode.c.h; path = KeychainUtility.h; sourceTree = "<group>"; };
		5007A5C31A8A846F007C5BF4 /* KeychainUtility.m */ = {isa = PBXFileReference; fileEncoding = 4; lastKnownFileType = sourcecode.c.objc; path = KeychainUtility.m; sourceTree = "<group>"; };
		500AAC5319E6FBAB008DC568 /* VIMGroup.h */ = {isa = PBXFileReference; fileEncoding = 4; lastKnownFileType = sourcecode.c.h; path = VIMGroup.h; sourceTree = "<group>"; };
		500AAC5419E6FBAB008DC568 /* VIMGroup.m */ = {isa = PBXFileReference; fileEncoding = 4; lastKnownFileType = sourcecode.c.objc; path = VIMGroup.m; sourceTree = "<group>"; };
		501383881A1E564A00B63A38 /* VIMReachability.h */ = {isa = PBXFileReference; fileEncoding = 4; lastKnownFileType = sourcecode.c.h; path = VIMReachability.h; sourceTree = "<group>"; };
		501383891A1E564A00B63A38 /* VIMReachability.m */ = {isa = PBXFileReference; fileEncoding = 4; lastKnownFileType = sourcecode.c.objc; path = VIMReachability.m; sourceTree = "<group>"; };
		5013838C1A1E568F00B63A38 /* VIMAccount.h */ = {isa = PBXFileReference; fileEncoding = 4; lastKnownFileType = sourcecode.c.h; path = VIMAccount.h; sourceTree = "<group>"; };
		5013838D1A1E568F00B63A38 /* VIMAccount.m */ = {isa = PBXFileReference; fileEncoding = 4; lastKnownFileType = sourcecode.c.objc; path = VIMAccount.m; sourceTree = "<group>"; };
		501383901A1E568F00B63A38 /* VIMAccountCredential.h */ = {isa = PBXFileReference; fileEncoding = 4; lastKnownFileType = sourcecode.c.h; path = VIMAccountCredential.h; sourceTree = "<group>"; };
		501383911A1E568F00B63A38 /* VIMAccountCredential.m */ = {isa = PBXFileReference; fileEncoding = 4; lastKnownFileType = sourcecode.c.objc; path = VIMAccountCredential.m; sourceTree = "<group>"; };
		501383921A1E568F00B63A38 /* VIMAccountManager.h */ = {isa = PBXFileReference; fileEncoding = 4; lastKnownFileType = sourcecode.c.h; path = VIMAccountManager.h; sourceTree = "<group>"; };
		501383931A1E568F00B63A38 /* VIMAccountManager.m */ = {isa = PBXFileReference; fileEncoding = 4; lastKnownFileType = sourcecode.c.objc; path = VIMAccountManager.m; sourceTree = "<group>"; };
		501383941A1E568F00B63A38 /* VIMAccountStore.h */ = {isa = PBXFileReference; fileEncoding = 4; lastKnownFileType = sourcecode.c.h; path = VIMAccountStore.h; sourceTree = "<group>"; };
		501383951A1E568F00B63A38 /* VIMAccountStore.m */ = {isa = PBXFileReference; fileEncoding = 4; lastKnownFileType = sourcecode.c.objc; path = VIMAccountStore.m; sourceTree = "<group>"; };
		5013839A1A1E568F00B63A38 /* VIMOAuthAuthenticator.h */ = {isa = PBXFileReference; fileEncoding = 4; lastKnownFileType = sourcecode.c.h; path = VIMOAuthAuthenticator.h; sourceTree = "<group>"; };
		5013839B1A1E568F00B63A38 /* VIMOAuthAuthenticator.m */ = {isa = PBXFileReference; fileEncoding = 4; lastKnownFileType = sourcecode.c.objc; path = VIMOAuthAuthenticator.m; sourceTree = "<group>"; };
		501383BE1A1E74A200B63A38 /* VIMAPIConfiguration.h */ = {isa = PBXFileReference; fileEncoding = 4; lastKnownFileType = sourcecode.c.h; path = VIMAPIConfiguration.h; sourceTree = "<group>"; };
		501383BF1A1E74A200B63A38 /* VIMAPIConfiguration.m */ = {isa = PBXFileReference; fileEncoding = 4; lastKnownFileType = sourcecode.c.objc; path = VIMAPIConfiguration.m; sourceTree = "<group>"; };
		501383C01A1E74A200B63A38 /* VIMAppConfiguration.h */ = {isa = PBXFileReference; fileEncoding = 4; lastKnownFileType = sourcecode.c.h; lineEnding = 0; path = VIMAppConfiguration.h; sourceTree = "<group>"; xcLanguageSpecificationIdentifier = xcode.lang.objcpp; };
		501383C11A1E74A200B63A38 /* VIMAppConfiguration.m */ = {isa = PBXFileReference; fileEncoding = 4; lastKnownFileType = sourcecode.c.objc; lineEnding = 0; path = VIMAppConfiguration.m; sourceTree = "<group>"; xcLanguageSpecificationIdentifier = xcode.lang.objc; };
		501383C21A1E74A200B63A38 /* VIMAppeal.h */ = {isa = PBXFileReference; fileEncoding = 4; lastKnownFileType = sourcecode.c.h; lineEnding = 0; path = VIMAppeal.h; sourceTree = "<group>"; xcLanguageSpecificationIdentifier = xcode.lang.objcpp; };
		501383C31A1E74A200B63A38 /* VIMAppeal.m */ = {isa = PBXFileReference; fileEncoding = 4; lastKnownFileType = sourcecode.c.objc; lineEnding = 0; path = VIMAppeal.m; sourceTree = "<group>"; xcLanguageSpecificationIdentifier = xcode.lang.objc; };
		501383C61A1E74A200B63A38 /* VIMFacebookConfiguration.h */ = {isa = PBXFileReference; fileEncoding = 4; lastKnownFileType = sourcecode.c.h; path = VIMFacebookConfiguration.h; sourceTree = "<group>"; };
		501383C71A1E74A200B63A38 /* VIMFacebookConfiguration.m */ = {isa = PBXFileReference; fileEncoding = 4; lastKnownFileType = sourcecode.c.objc; path = VIMFacebookConfiguration.m; sourceTree = "<group>"; };
		501383C81A1E74A200B63A38 /* VIMFeaturesConfiguration.h */ = {isa = PBXFileReference; fileEncoding = 4; lastKnownFileType = sourcecode.c.h; path = VIMFeaturesConfiguration.h; sourceTree = "<group>"; };
		501383C91A1E74A200B63A38 /* VIMFeaturesConfiguration.m */ = {isa = PBXFileReference; fileEncoding = 4; lastKnownFileType = sourcecode.c.objc; path = VIMFeaturesConfiguration.m; sourceTree = "<group>"; };
		501383CA1A1E74A200B63A38 /* VIMTrigger.h */ = {isa = PBXFileReference; fileEncoding = 4; lastKnownFileType = sourcecode.c.h; path = VIMTrigger.h; sourceTree = "<group>"; };
		501383CB1A1E74A200B63A38 /* VIMTrigger.m */ = {isa = PBXFileReference; fileEncoding = 4; lastKnownFileType = sourcecode.c.objc; path = VIMTrigger.m; sourceTree = "<group>"; };
		501383CC1A1E74A200B63A38 /* VIMVideoLog.h */ = {isa = PBXFileReference; fileEncoding = 4; lastKnownFileType = sourcecode.c.h; path = VIMVideoLog.h; sourceTree = "<group>"; };
		501383CD1A1E74A200B63A38 /* VIMVideoLog.m */ = {isa = PBXFileReference; fileEncoding = 4; lastKnownFileType = sourcecode.c.objc; path = VIMVideoLog.m; sourceTree = "<group>"; };
		501766F719CC6D7700D8DC68 /* VIMResponseSerializer.h */ = {isa = PBXFileReference; fileEncoding = 4; lastKnownFileType = sourcecode.c.h; path = VIMResponseSerializer.h; sourceTree = "<group>"; };
		501766F819CC6D7700D8DC68 /* VIMResponseSerializer.m */ = {isa = PBXFileReference; fileEncoding = 4; lastKnownFileType = sourcecode.c.objc; path = VIMResponseSerializer.m; sourceTree = "<group>"; };
		501766FA19CC890600D8DC68 /* VIMSession.h */ = {isa = PBXFileReference; fileEncoding = 4; lastKnownFileType = sourcecode.c.h; path = VIMSession.h; sourceTree = "<group>"; };
		501766FB19CC890600D8DC68 /* VIMSession.m */ = {isa = PBXFileReference; fileEncoding = 4; lastKnownFileType = sourcecode.c.objc; path = VIMSession.m; sourceTree = "<group>"; };
		501766FD19CC89A400D8DC68 /* VIMSessionConfiguration.h */ = {isa = PBXFileReference; fileEncoding = 4; lastKnownFileType = sourcecode.c.h; path = VIMSessionConfiguration.h; sourceTree = "<group>"; };
		501766FE19CC89A400D8DC68 /* VIMSessionConfiguration.m */ = {isa = PBXFileReference; fileEncoding = 4; lastKnownFileType = sourcecode.c.objc; path = VIMSessionConfiguration.m; sourceTree = "<group>"; };
		5017670419CCDB8700D8DC68 /* VIMServerResponseMapper.h */ = {isa = PBXFileReference; fileEncoding = 4; lastKnownFileType = sourcecode.c.h; path = VIMServerResponseMapper.h; sourceTree = "<group>"; };
		5017670519CCDB8700D8DC68 /* VIMServerResponseMapper.m */ = {isa = PBXFileReference; fileEncoding = 4; lastKnownFileType = sourcecode.c.objc; path = VIMServerResponseMapper.m; sourceTree = "<group>"; };
		5018BAC41AAA342400087BC1 /* VIMAPIClient+Private.h */ = {isa = PBXFileReference; fileEncoding = 4; lastKnownFileType = sourcecode.c.h; path = "VIMAPIClient+Private.h"; sourceTree = "<group>"; };
		509173BF1AE023EA00215AE0 /* AVAsset+Filesize.h */ = {isa = PBXFileReference; fileEncoding = 4; lastKnownFileType = sourcecode.c.h; path = "AVAsset+Filesize.h"; sourceTree = "<group>"; };
		509173C01AE023EA00215AE0 /* AVAsset+Filesize.m */ = {isa = PBXFileReference; fileEncoding = 4; lastKnownFileType = sourcecode.c.objc; path = "AVAsset+Filesize.m"; sourceTree = "<group>"; };
		50C02F2D1A7C1328006B730D /* Accounts.framework */ = {isa = PBXFileReference; lastKnownFileType = wrapper.framework; name = Accounts.framework; path = System/Library/Frameworks/Accounts.framework; sourceTree = SDKROOT; };
		50C02F2F1A7C1334006B730D /* Social.framework */ = {isa = PBXFileReference; lastKnownFileType = wrapper.framework; name = Social.framework; path = System/Library/Frameworks/Social.framework; sourceTree = SDKROOT; };
		50E0EDC01ACD7DE6006BB5EB /* LICENSE */ = {isa = PBXFileReference; fileEncoding = 4; lastKnownFileType = text; path = LICENSE; sourceTree = "<group>"; };
		50E0EE211ACEF5F7006BB5EB /* VIMUploadTaskQueueTracker.h */ = {isa = PBXFileReference; fileEncoding = 4; lastKnownFileType = sourcecode.c.h; path = VIMUploadTaskQueueTracker.h; sourceTree = "<group>"; };
		50E0EE221ACEF5F7006BB5EB /* VIMUploadTaskQueueTracker.m */ = {isa = PBXFileReference; fileEncoding = 4; lastKnownFileType = sourcecode.c.objc; path = VIMUploadTaskQueueTracker.m; sourceTree = "<group>"; };
		50E0EE431AD58EC6006BB5EB /* vimeo-api.cer */ = {isa = PBXFileReference; lastKnownFileType = file; path = "vimeo-api.cer"; sourceTree = "<group>"; };
		50E0EE611AD5BC15006BB5EB /* VIMUploadState.h */ = {isa = PBXFileReference; fileEncoding = 4; lastKnownFileType = sourcecode.c.h; path = VIMUploadState.h; sourceTree = "<group>"; };
		50E0EE621AD5BC15006BB5EB /* VIMVideoAsset.h */ = {isa = PBXFileReference; fileEncoding = 4; lastKnownFileType = sourcecode.c.h; path = VIMVideoAsset.h; sourceTree = "<group>"; };
		50E0EE631AD5BC15006BB5EB /* VIMVideoAsset.m */ = {isa = PBXFileReference; fileEncoding = 4; lastKnownFileType = sourcecode.c.objc; path = VIMVideoAsset.m; sourceTree = "<group>"; };
		50E0EE641AD5BC15006BB5EB /* VIMVideoMetadata.h */ = {isa = PBXFileReference; fileEncoding = 4; lastKnownFileType = sourcecode.c.h; path = VIMVideoMetadata.h; sourceTree = "<group>"; };
		50E0EE651AD5BC15006BB5EB /* VIMVideoMetadata.m */ = {isa = PBXFileReference; fileEncoding = 4; lastKnownFileType = sourcecode.c.objc; path = VIMVideoMetadata.m; sourceTree = "<group>"; };
		50E0EE691AD5BC28006BB5EB /* VIMNetworkTask.h */ = {isa = PBXFileReference; fileEncoding = 4; lastKnownFileType = sourcecode.c.h; path = VIMNetworkTask.h; sourceTree = "<group>"; };
		50E0EE6A1AD5BC28006BB5EB /* VIMNetworkTask.m */ = {isa = PBXFileReference; fileEncoding = 4; lastKnownFileType = sourcecode.c.objc; path = VIMNetworkTask.m; sourceTree = "<group>"; };
		50E0EE6B1AD5BC28006BB5EB /* VIMNetworkTaskQueue.h */ = {isa = PBXFileReference; fileEncoding = 4; lastKnownFileType = sourcecode.c.h; path = VIMNetworkTaskQueue.h; sourceTree = "<group>"; };
		50E0EE6C1AD5BC28006BB5EB /* VIMNetworkTaskQueue.m */ = {isa = PBXFileReference; fileEncoding = 4; lastKnownFileType = sourcecode.c.objc; path = VIMNetworkTaskQueue.m; sourceTree = "<group>"; };
		50E0EE6F1AD5BC3A006BB5EB /* VIMTaskQueueDebugger.h */ = {isa = PBXFileReference; fileEncoding = 4; lastKnownFileType = sourcecode.c.h; path = VIMTaskQueueDebugger.h; sourceTree = "<group>"; };
		50E0EE701AD5BC3A006BB5EB /* VIMTaskQueueDebugger.m */ = {isa = PBXFileReference; fileEncoding = 4; lastKnownFileType = sourcecode.c.objc; path = VIMTaskQueueDebugger.m; sourceTree = "<group>"; };
		50E0EE781AD5C5C2006BB5EB /* VIMNetworkTaskSessionManager.h */ = {isa = PBXFileReference; fileEncoding = 4; lastKnownFileType = sourcecode.c.h; path = VIMNetworkTaskSessionManager.h; sourceTree = "<group>"; };
		50E0EE791AD5C5C2006BB5EB /* VIMNetworkTaskSessionManager.m */ = {isa = PBXFileReference; fileEncoding = 4; lastKnownFileType = sourcecode.c.objc; path = VIMNetworkTaskSessionManager.m; sourceTree = "<group>"; };
		50E0EE7B1AD5C5D1006BB5EB /* VIMUploadSessionManager.h */ = {isa = PBXFileReference; fileEncoding = 4; lastKnownFileType = sourcecode.c.h; path = VIMUploadSessionManager.h; sourceTree = "<group>"; };
		50E0EE7C1AD5C5D1006BB5EB /* VIMUploadSessionManager.m */ = {isa = PBXFileReference; fileEncoding = 4; lastKnownFileType = sourcecode.c.objc; path = VIMUploadSessionManager.m; sourceTree = "<group>"; };
		50E0EE7F1AD5C687006BB5EB /* VIMActivateTicketTask.h */ = {isa = PBXFileReference; fileEncoding = 4; lastKnownFileType = sourcecode.c.h; path = VIMActivateTicketTask.h; sourceTree = "<group>"; };
		50E0EE801AD5C687006BB5EB /* VIMActivateTicketTask.m */ = {isa = PBXFileReference; fileEncoding = 4; lastKnownFileType = sourcecode.c.objc; path = VIMActivateTicketTask.m; sourceTree = "<group>"; };
		50E0EE811AD5C687006BB5EB /* VIMAddMetadataTask.h */ = {isa = PBXFileReference; fileEncoding = 4; lastKnownFileType = sourcecode.c.h; path = VIMAddMetadataTask.h; sourceTree = "<group>"; };
		50E0EE821AD5C687006BB5EB /* VIMAddMetadataTask.m */ = {isa = PBXFileReference; fileEncoding = 4; lastKnownFileType = sourcecode.c.objc; path = VIMAddMetadataTask.m; sourceTree = "<group>"; };
		50E0EE831AD5C687006BB5EB /* VIMCreateTicketTask.h */ = {isa = PBXFileReference; fileEncoding = 4; lastKnownFileType = sourcecode.c.h; path = VIMCreateTicketTask.h; sourceTree = "<group>"; };
		50E0EE841AD5C687006BB5EB /* VIMCreateTicketTask.m */ = {isa = PBXFileReference; fileEncoding = 4; lastKnownFileType = sourcecode.c.objc; path = VIMCreateTicketTask.m; sourceTree = "<group>"; };
		50E0EE851AD5C687006BB5EB /* VIMTempFileMaker.h */ = {isa = PBXFileReference; fileEncoding = 4; lastKnownFileType = sourcecode.c.h; path = VIMTempFileMaker.h; sourceTree = "<group>"; };
		50E0EE861AD5C687006BB5EB /* VIMTempFileMaker.m */ = {isa = PBXFileReference; fileEncoding = 4; lastKnownFileType = sourcecode.c.objc; path = VIMTempFileMaker.m; sourceTree = "<group>"; };
		50E0EE871AD5C687006BB5EB /* VIMUploadFileTask.h */ = {isa = PBXFileReference; fileEncoding = 4; lastKnownFileType = sourcecode.c.h; path = VIMUploadFileTask.h; sourceTree = "<group>"; };
		50E0EE881AD5C687006BB5EB /* VIMUploadFileTask.m */ = {isa = PBXFileReference; fileEncoding = 4; lastKnownFileType = sourcecode.c.objc; path = VIMUploadFileTask.m; sourceTree = "<group>"; };
		50E0EE891AD5C687006BB5EB /* VIMUploadTask.h */ = {isa = PBXFileReference; fileEncoding = 4; lastKnownFileType = sourcecode.c.h; path = VIMUploadTask.h; sourceTree = "<group>"; };
		50E0EE8A1AD5C687006BB5EB /* VIMUploadTask.m */ = {isa = PBXFileReference; fileEncoding = 4; lastKnownFileType = sourcecode.c.objc; path = VIMUploadTask.m; sourceTree = "<group>"; };
		50E6673019DB5DCE000173DD /* VIMChannel.h */ = {isa = PBXFileReference; fileEncoding = 4; lastKnownFileType = sourcecode.c.h; path = VIMChannel.h; sourceTree = "<group>"; };
		50E6673119DB5DCE000173DD /* VIMChannel.m */ = {isa = PBXFileReference; fileEncoding = 4; lastKnownFileType = sourcecode.c.objc; path = VIMChannel.m; sourceTree = "<group>"; };
		50EB14CF192BCB61002B908C /* VIMAPIClient.h */ = {isa = PBXFileReference; fileEncoding = 4; lastKnownFileType = sourcecode.c.h; lineEnding = 0; path = VIMAPIClient.h; sourceTree = "<group>"; xcLanguageSpecificationIdentifier = xcode.lang.objcpp; };
		50EB14D0192BCB61002B908C /* VIMAPIClient.m */ = {isa = PBXFileReference; fileEncoding = 4; lastKnownFileType = sourcecode.c.objc; lineEnding = 0; path = VIMAPIClient.m; sourceTree = "<group>"; xcLanguageSpecificationIdentifier = xcode.lang.objc; };
		50F8F0F91AB2249F0066CB6D /* VIMAccountManager+Private.h */ = {isa = PBXFileReference; fileEncoding = 4; lastKnownFileType = sourcecode.c.h; path = "VIMAccountManager+Private.h"; sourceTree = "<group>"; };
		50F8F0FE1AB224ED0066CB6D /* AFHTTPRequestOperation.h */ = {isa = PBXFileReference; fileEncoding = 4; lastKnownFileType = sourcecode.c.h; path = AFHTTPRequestOperation.h; sourceTree = "<group>"; };
		50F8F0FF1AB224ED0066CB6D /* AFHTTPRequestOperation.m */ = {isa = PBXFileReference; fileEncoding = 4; lastKnownFileType = sourcecode.c.objc; path = AFHTTPRequestOperation.m; sourceTree = "<group>"; };
		50F8F1001AB224ED0066CB6D /* AFHTTPRequestOperationManager.h */ = {isa = PBXFileReference; fileEncoding = 4; lastKnownFileType = sourcecode.c.h; path = AFHTTPRequestOperationManager.h; sourceTree = "<group>"; };
		50F8F1011AB224ED0066CB6D /* AFHTTPRequestOperationManager.m */ = {isa = PBXFileReference; fileEncoding = 4; lastKnownFileType = sourcecode.c.objc; path = AFHTTPRequestOperationManager.m; sourceTree = "<group>"; };
		50F8F1021AB224ED0066CB6D /* AFHTTPSessionManager.h */ = {isa = PBXFileReference; fileEncoding = 4; lastKnownFileType = sourcecode.c.h; path = AFHTTPSessionManager.h; sourceTree = "<group>"; };
		50F8F1031AB224ED0066CB6D /* AFHTTPSessionManager.m */ = {isa = PBXFileReference; fileEncoding = 4; lastKnownFileType = sourcecode.c.objc; path = AFHTTPSessionManager.m; sourceTree = "<group>"; };
		50F8F1041AB224ED0066CB6D /* AFNetworking.h */ = {isa = PBXFileReference; fileEncoding = 4; lastKnownFileType = sourcecode.c.h; path = AFNetworking.h; sourceTree = "<group>"; };
		50F8F1051AB224ED0066CB6D /* AFNetworkReachabilityManager.h */ = {isa = PBXFileReference; fileEncoding = 4; lastKnownFileType = sourcecode.c.h; path = AFNetworkReachabilityManager.h; sourceTree = "<group>"; };
		50F8F1061AB224ED0066CB6D /* AFNetworkReachabilityManager.m */ = {isa = PBXFileReference; fileEncoding = 4; lastKnownFileType = sourcecode.c.objc; path = AFNetworkReachabilityManager.m; sourceTree = "<group>"; };
		50F8F1071AB224ED0066CB6D /* AFSecurityPolicy.h */ = {isa = PBXFileReference; fileEncoding = 4; lastKnownFileType = sourcecode.c.h; path = AFSecurityPolicy.h; sourceTree = "<group>"; };
		50F8F1081AB224ED0066CB6D /* AFSecurityPolicy.m */ = {isa = PBXFileReference; fileEncoding = 4; lastKnownFileType = sourcecode.c.objc; path = AFSecurityPolicy.m; sourceTree = "<group>"; };
		50F8F1091AB224ED0066CB6D /* AFURLConnectionOperation.h */ = {isa = PBXFileReference; fileEncoding = 4; lastKnownFileType = sourcecode.c.h; path = AFURLConnectionOperation.h; sourceTree = "<group>"; };
		50F8F10A1AB224ED0066CB6D /* AFURLConnectionOperation.m */ = {isa = PBXFileReference; fileEncoding = 4; lastKnownFileType = sourcecode.c.objc; path = AFURLConnectionOperation.m; sourceTree = "<group>"; };
		50F8F10B1AB224ED0066CB6D /* AFURLRequestSerialization.h */ = {isa = PBXFileReference; fileEncoding = 4; lastKnownFileType = sourcecode.c.h; path = AFURLRequestSerialization.h; sourceTree = "<group>"; };
		50F8F10C1AB224ED0066CB6D /* AFURLRequestSerialization.m */ = {isa = PBXFileReference; fileEncoding = 4; lastKnownFileType = sourcecode.c.objc; path = AFURLRequestSerialization.m; sourceTree = "<group>"; };
		50F8F10D1AB224ED0066CB6D /* AFURLResponseSerialization.h */ = {isa = PBXFileReference; fileEncoding = 4; lastKnownFileType = sourcecode.c.h; path = AFURLResponseSerialization.h; sourceTree = "<group>"; };
		50F8F10E1AB224ED0066CB6D /* AFURLResponseSerialization.m */ = {isa = PBXFileReference; fileEncoding = 4; lastKnownFileType = sourcecode.c.objc; path = AFURLResponseSerialization.m; sourceTree = "<group>"; };
		50F8F10F1AB224ED0066CB6D /* AFURLSessionManager.h */ = {isa = PBXFileReference; fileEncoding = 4; lastKnownFileType = sourcecode.c.h; path = AFURLSessionManager.h; sourceTree = "<group>"; };
		50F8F1101AB224ED0066CB6D /* AFURLSessionManager.m */ = {isa = PBXFileReference; fileEncoding = 4; lastKnownFileType = sourcecode.c.objc; path = AFURLSessionManager.m; sourceTree = "<group>"; };
		50F8F1121AB224ED0066CB6D /* AFNetworkActivityIndicatorManager.h */ = {isa = PBXFileReference; fileEncoding = 4; lastKnownFileType = sourcecode.c.h; path = AFNetworkActivityIndicatorManager.h; sourceTree = "<group>"; };
		50F8F1131AB224ED0066CB6D /* AFNetworkActivityIndicatorManager.m */ = {isa = PBXFileReference; fileEncoding = 4; lastKnownFileType = sourcecode.c.objc; path = AFNetworkActivityIndicatorManager.m; sourceTree = "<group>"; };
		50F8F1141AB224ED0066CB6D /* UIActivityIndicatorView+AFNetworking.h */ = {isa = PBXFileReference; fileEncoding = 4; lastKnownFileType = sourcecode.c.h; path = "UIActivityIndicatorView+AFNetworking.h"; sourceTree = "<group>"; };
		50F8F1151AB224ED0066CB6D /* UIActivityIndicatorView+AFNetworking.m */ = {isa = PBXFileReference; fileEncoding = 4; lastKnownFileType = sourcecode.c.objc; path = "UIActivityIndicatorView+AFNetworking.m"; sourceTree = "<group>"; };
		50F8F1161AB224ED0066CB6D /* UIAlertView+AFNetworking.h */ = {isa = PBXFileReference; fileEncoding = 4; lastKnownFileType = sourcecode.c.h; path = "UIAlertView+AFNetworking.h"; sourceTree = "<group>"; };
		50F8F1171AB224ED0066CB6D /* UIAlertView+AFNetworking.m */ = {isa = PBXFileReference; fileEncoding = 4; lastKnownFileType = sourcecode.c.objc; path = "UIAlertView+AFNetworking.m"; sourceTree = "<group>"; };
		50F8F1181AB224ED0066CB6D /* UIButton+AFNetworking.h */ = {isa = PBXFileReference; fileEncoding = 4; lastKnownFileType = sourcecode.c.h; path = "UIButton+AFNetworking.h"; sourceTree = "<group>"; };
		50F8F1191AB224ED0066CB6D /* UIButton+AFNetworking.m */ = {isa = PBXFileReference; fileEncoding = 4; lastKnownFileType = sourcecode.c.objc; path = "UIButton+AFNetworking.m"; sourceTree = "<group>"; };
		50F8F11A1AB224ED0066CB6D /* UIImageView+AFNetworking.h */ = {isa = PBXFileReference; fileEncoding = 4; lastKnownFileType = sourcecode.c.h; path = "UIImageView+AFNetworking.h"; sourceTree = "<group>"; };
		50F8F11B1AB224ED0066CB6D /* UIImageView+AFNetworking.m */ = {isa = PBXFileReference; fileEncoding = 4; lastKnownFileType = sourcecode.c.objc; path = "UIImageView+AFNetworking.m"; sourceTree = "<group>"; };
		50F8F11C1AB224ED0066CB6D /* UIKit+AFNetworking.h */ = {isa = PBXFileReference; fileEncoding = 4; lastKnownFileType = sourcecode.c.h; path = "UIKit+AFNetworking.h"; sourceTree = "<group>"; };
		50F8F11D1AB224ED0066CB6D /* UIProgressView+AFNetworking.h */ = {isa = PBXFileReference; fileEncoding = 4; lastKnownFileType = sourcecode.c.h; path = "UIProgressView+AFNetworking.h"; sourceTree = "<group>"; };
		50F8F11E1AB224ED0066CB6D /* UIProgressView+AFNetworking.m */ = {isa = PBXFileReference; fileEncoding = 4; lastKnownFileType = sourcecode.c.objc; path = "UIProgressView+AFNetworking.m"; sourceTree = "<group>"; };
		50F8F11F1AB224ED0066CB6D /* UIRefreshControl+AFNetworking.h */ = {isa = PBXFileReference; fileEncoding = 4; lastKnownFileType = sourcecode.c.h; path = "UIRefreshControl+AFNetworking.h"; sourceTree = "<group>"; };
		50F8F1201AB224ED0066CB6D /* UIRefreshControl+AFNetworking.m */ = {isa = PBXFileReference; fileEncoding = 4; lastKnownFileType = sourcecode.c.objc; path = "UIRefreshControl+AFNetworking.m"; sourceTree = "<group>"; };
		50F8F1211AB224ED0066CB6D /* UIWebView+AFNetworking.h */ = {isa = PBXFileReference; fileEncoding = 4; lastKnownFileType = sourcecode.c.h; path = "UIWebView+AFNetworking.h"; sourceTree = "<group>"; };
		50F8F1221AB224ED0066CB6D /* UIWebView+AFNetworking.m */ = {isa = PBXFileReference; fileEncoding = 4; lastKnownFileType = sourcecode.c.objc; path = "UIWebView+AFNetworking.m"; sourceTree = "<group>"; };
		50F8F1551AB37F0F0066CB6D /* AFHTTPSessionManager+Extensions.h */ = {isa = PBXFileReference; fileEncoding = 4; lastKnownFileType = sourcecode.c.h; path = "AFHTTPSessionManager+Extensions.h"; sourceTree = "<group>"; };
		50F8F1561AB37F0F0066CB6D /* AFHTTPSessionManager+Extensions.m */ = {isa = PBXFileReference; fileEncoding = 4; lastKnownFileType = sourcecode.c.objc; path = "AFHTTPSessionManager+Extensions.m"; sourceTree = "<group>"; };
		50F8F1571AB37F0F0066CB6D /* NSURLSessionConfiguration+Extensions.h */ = {isa = PBXFileReference; fileEncoding = 4; lastKnownFileType = sourcecode.c.h; path = "NSURLSessionConfiguration+Extensions.h"; sourceTree = "<group>"; };
		50F8F1581AB37F0F0066CB6D /* NSURLSessionConfiguration+Extensions.m */ = {isa = PBXFileReference; fileEncoding = 4; lastKnownFileType = sourcecode.c.objc; path = "NSURLSessionConfiguration+Extensions.m"; sourceTree = "<group>"; };
		50F8F1DE1AB380CD0066CB6D /* NSString+MD5.h */ = {isa = PBXFileReference; fileEncoding = 4; lastKnownFileType = sourcecode.c.h; path = "NSString+MD5.h"; sourceTree = "<group>"; };
		50F8F1DF1AB380CD0066CB6D /* NSString+MD5.m */ = {isa = PBXFileReference; fileEncoding = 4; lastKnownFileType = sourcecode.c.objc; path = "NSString+MD5.m"; sourceTree = "<group>"; };
		50FF8B4B1A1BCCFD008BA7DC /* VIMRequestRetryManager.h */ = {isa = PBXFileReference; fileEncoding = 4; lastKnownFileType = sourcecode.c.h; path = VIMRequestRetryManager.h; sourceTree = "<group>"; };
		50FF8B4C1A1BCCFD008BA7DC /* VIMRequestRetryManager.m */ = {isa = PBXFileReference; fileEncoding = 4; lastKnownFileType = sourcecode.c.objc; path = VIMRequestRetryManager.m; sourceTree = "<group>"; };
		685AB72F1976BC8E00A61CCA /* VIMErrorDomain.h */ = {isa = PBXFileReference; fileEncoding = 4; lastKnownFileType = sourcecode.c.h; path = VIMErrorDomain.h; sourceTree = "<group>"; };
		685AB7301976BC8E00A61CCA /* VIMErrorDomain.m */ = {isa = PBXFileReference; fileEncoding = 4; lastKnownFileType = sourcecode.c.objc; path = VIMErrorDomain.m; sourceTree = "<group>"; };
		685AB7321976C05900A61CCA /* VIMUploadErrorDomain.h */ = {isa = PBXFileReference; fileEncoding = 4; lastKnownFileType = sourcecode.c.h; path = VIMUploadErrorDomain.h; sourceTree = "<group>"; };
		685AB7331976C05900A61CCA /* VIMUploadErrorDomain.m */ = {isa = PBXFileReference; fileEncoding = 4; lastKnownFileType = sourcecode.c.objc; path = VIMUploadErrorDomain.m; sourceTree = "<group>"; };
		687B155719B903770068D14F /* VIMPictureCollection.h */ = {isa = PBXFileReference; fileEncoding = 4; lastKnownFileType = sourcecode.c.h; path = VIMPictureCollection.h; sourceTree = "<group>"; };
		687B155819B903770068D14F /* VIMPictureCollection.m */ = {isa = PBXFileReference; fileEncoding = 4; lastKnownFileType = sourcecode.c.objc; path = VIMPictureCollection.m; sourceTree = "<group>"; };
		68ED334F1974457000EDD22F /* NSError+BaseError.h */ = {isa = PBXFileReference; fileEncoding = 4; lastKnownFileType = sourcecode.c.h; lineEnding = 0; path = "NSError+BaseError.h"; sourceTree = "<group>"; xcLanguageSpecificationIdentifier = xcode.lang.objcpp; };
		68ED33501974457000EDD22F /* NSError+BaseError.m */ = {isa = PBXFileReference; fileEncoding = 4; lastKnownFileType = sourcecode.c.objc; lineEnding = 0; path = "NSError+BaseError.m"; sourceTree = "<group>"; xcLanguageSpecificationIdentifier = xcode.lang.objc; };
		AB633AB218F364ED00971630 /* libVIMNetworking.a */ = {isa = PBXFileReference; explicitFileType = archive.ar; includeInIndex = 0; path = libVIMNetworking.a; sourceTree = BUILT_PRODUCTS_DIR; };
		AB633AB518F364ED00971630 /* Foundation.framework */ = {isa = PBXFileReference; lastKnownFileType = wrapper.framework; name = Foundation.framework; path = System/Library/Frameworks/Foundation.framework; sourceTree = SDKROOT; };
		AB633AB918F364ED00971630 /* VIMNetworking-Prefix.pch */ = {isa = PBXFileReference; lastKnownFileType = sourcecode.c.h; path = "VIMNetworking-Prefix.pch"; sourceTree = "<group>"; };
		AB633ABA18F364ED00971630 /* VIMNetworking.h */ = {isa = PBXFileReference; lastKnownFileType = sourcecode.c.h; path = VIMNetworking.h; sourceTree = "<group>"; };
		AB633AC218F364ED00971630 /* VIMNetworkingTests.xctest */ = {isa = PBXFileReference; explicitFileType = wrapper.cfbundle; includeInIndex = 0; path = VIMNetworkingTests.xctest; sourceTree = BUILT_PRODUCTS_DIR; };
		AB633AC318F364ED00971630 /* XCTest.framework */ = {isa = PBXFileReference; lastKnownFileType = wrapper.framework; name = XCTest.framework; path = Library/Frameworks/XCTest.framework; sourceTree = DEVELOPER_DIR; };
		AB633ACD18F364ED00971630 /* VIMNetworkingTests-Info.plist */ = {isa = PBXFileReference; lastKnownFileType = text.plist.xml; path = "VIMNetworkingTests-Info.plist"; sourceTree = "<group>"; };
		AB633ACF18F364ED00971630 /* en */ = {isa = PBXFileReference; lastKnownFileType = text.plist.strings; name = en; path = en.lproj/InfoPlist.strings; sourceTree = "<group>"; };
		AB633AD118F364ED00971630 /* VIMNetworkingTests.m */ = {isa = PBXFileReference; lastKnownFileType = sourcecode.c.objc; path = VIMNetworkingTests.m; sourceTree = "<group>"; };
		AB633AFE18F365AB00971630 /* VIMRequestDescriptor.h */ = {isa = PBXFileReference; fileEncoding = 4; lastKnownFileType = sourcecode.c.h; path = VIMRequestDescriptor.h; sourceTree = "<group>"; };
		AB633AFF18F365AB00971630 /* VIMRequestDescriptor.m */ = {isa = PBXFileReference; fileEncoding = 4; lastKnownFileType = sourcecode.c.objc; path = VIMRequestDescriptor.m; sourceTree = "<group>"; };
		AB633B0018F365AB00971630 /* VIMRequestOperation.h */ = {isa = PBXFileReference; fileEncoding = 4; lastKnownFileType = sourcecode.c.h; path = VIMRequestOperation.h; sourceTree = "<group>"; };
		AB633B0118F365AB00971630 /* VIMRequestOperation.m */ = {isa = PBXFileReference; fileEncoding = 4; lastKnownFileType = sourcecode.c.objc; path = VIMRequestOperation.m; sourceTree = "<group>"; };
		AB633B0218F365AB00971630 /* VIMRequestToken.h */ = {isa = PBXFileReference; fileEncoding = 4; lastKnownFileType = sourcecode.c.h; path = VIMRequestToken.h; sourceTree = "<group>"; };
		AB633B0318F365AB00971630 /* VIMServerResponse.h */ = {isa = PBXFileReference; fileEncoding = 4; lastKnownFileType = sourcecode.c.h; path = VIMServerResponse.h; sourceTree = "<group>"; };
		AB633B0418F365AB00971630 /* VIMServerResponse.m */ = {isa = PBXFileReference; fileEncoding = 4; lastKnownFileType = sourcecode.c.objc; path = VIMServerResponse.m; sourceTree = "<group>"; };
		AB633B0718F365AB00971630 /* VIMRequestOperationManager.h */ = {isa = PBXFileReference; fileEncoding = 4; lastKnownFileType = sourcecode.c.h; path = VIMRequestOperationManager.h; sourceTree = "<group>"; };
		AB633B0818F365AB00971630 /* VIMRequestOperationManager.m */ = {isa = PBXFileReference; fileEncoding = 4; lastKnownFileType = sourcecode.c.objc; path = VIMRequestOperationManager.m; sourceTree = "<group>"; };
		AB633B2B18F365AB00971630 /* VIMPicture.h */ = {isa = PBXFileReference; fileEncoding = 4; lastKnownFileType = sourcecode.c.h; path = VIMPicture.h; sourceTree = "<group>"; };
		AB633B2C18F365AB00971630 /* VIMPicture.m */ = {isa = PBXFileReference; fileEncoding = 4; lastKnownFileType = sourcecode.c.objc; path = VIMPicture.m; sourceTree = "<group>"; };
		AB633B2D18F365AB00971630 /* VIMUser.h */ = {isa = PBXFileReference; fileEncoding = 4; lastKnownFileType = sourcecode.c.h; path = VIMUser.h; sourceTree = "<group>"; };
		AB633B2E18F365AB00971630 /* VIMUser.m */ = {isa = PBXFileReference; fileEncoding = 4; lastKnownFileType = sourcecode.c.objc; path = VIMUser.m; sourceTree = "<group>"; };
		AB633B2F18F365AB00971630 /* VIMVideo.h */ = {isa = PBXFileReference; fileEncoding = 4; lastKnownFileType = sourcecode.c.h; path = VIMVideo.h; sourceTree = "<group>"; };
		AB633B3018F365AB00971630 /* VIMVideo.m */ = {isa = PBXFileReference; fileEncoding = 4; lastKnownFileType = sourcecode.c.objc; path = VIMVideo.m; sourceTree = "<group>"; };
		AB633B3118F365AB00971630 /* VIMVideoFile.h */ = {isa = PBXFileReference; fileEncoding = 4; lastKnownFileType = sourcecode.c.h; path = VIMVideoFile.h; sourceTree = "<group>"; };
		AB633B3218F365AB00971630 /* VIMVideoFile.m */ = {isa = PBXFileReference; fileEncoding = 4; lastKnownFileType = sourcecode.c.objc; path = VIMVideoFile.m; sourceTree = "<group>"; };
		AB633B6718F36B1E00971630 /* VIMCache.h */ = {isa = PBXFileReference; fileEncoding = 4; lastKnownFileType = sourcecode.c.h; path = VIMCache.h; sourceTree = "<group>"; };
		AB633B6818F36B1E00971630 /* VIMCache.m */ = {isa = PBXFileReference; fileEncoding = 4; lastKnownFileType = sourcecode.c.objc; path = VIMCache.m; sourceTree = "<group>"; };
		AFCC3CB71ACE2AC400D24B3B /* VIMMappable.h */ = {isa = PBXFileReference; fileEncoding = 4; lastKnownFileType = sourcecode.c.h; path = VIMMappable.h; sourceTree = "<group>"; };
		AFCC3CB81ACE2AC400D24B3B /* VIMModelObject.h */ = {isa = PBXFileReference; fileEncoding = 4; lastKnownFileType = sourcecode.c.h; path = VIMModelObject.h; sourceTree = "<group>"; };
		AFCC3CB91ACE2AC400D24B3B /* VIMModelObject.m */ = {isa = PBXFileReference; fileEncoding = 4; lastKnownFileType = sourcecode.c.objc; path = VIMModelObject.m; sourceTree = "<group>"; };
		AFCC3CBA1ACE2AC400D24B3B /* VIMObjectMapper.h */ = {isa = PBXFileReference; fileEncoding = 4; lastKnownFileType = sourcecode.c.h; path = VIMObjectMapper.h; sourceTree = "<group>"; };
		AFCC3CBB1ACE2AC400D24B3B /* VIMObjectMapper.m */ = {isa = PBXFileReference; fileEncoding = 4; lastKnownFileType = sourcecode.c.objc; path = VIMObjectMapper.m; sourceTree = "<group>"; };
		AFCC3CC01ACE305800D24B3B /* VIMTask.h */ = {isa = PBXFileReference; fileEncoding = 4; lastKnownFileType = sourcecode.c.h; path = VIMTask.h; sourceTree = "<group>"; };
		AFCC3CC11ACE305800D24B3B /* VIMTask.m */ = {isa = PBXFileReference; fileEncoding = 4; lastKnownFileType = sourcecode.c.objc; path = VIMTask.m; sourceTree = "<group>"; };
		AFCC3CC21ACE305800D24B3B /* VIMTaskQueue.h */ = {isa = PBXFileReference; fileEncoding = 4; lastKnownFileType = sourcecode.c.h; path = VIMTaskQueue.h; sourceTree = "<group>"; };
		AFCC3CC31ACE305800D24B3B /* VIMTaskQueue.m */ = {isa = PBXFileReference; fileEncoding = 4; lastKnownFileType = sourcecode.c.objc; path = VIMTaskQueue.m; sourceTree = "<group>"; };
		AFCC3CD61ACE305800D24B3B /* VIMUploadTaskQueue.h */ = {isa = PBXFileReference; fileEncoding = 4; lastKnownFileType = sourcecode.c.h; path = VIMUploadTaskQueue.h; sourceTree = "<group>"; };
		AFCC3CD71ACE305800D24B3B /* VIMUploadTaskQueue.m */ = {isa = PBXFileReference; fileEncoding = 4; lastKnownFileType = sourcecode.c.objc; path = VIMUploadTaskQueue.m; sourceTree = "<group>"; };
/* End PBXFileReference section */

/* Begin PBXFrameworksBuildPhase section */
		AB633AAF18F364ED00971630 /* Frameworks */ = {
			isa = PBXFrameworksBuildPhase;
			buildActionMask = 2147483647;
			files = (
				AB633AB618F364ED00971630 /* Foundation.framework in Frameworks */,
			);
			runOnlyForDeploymentPostprocessing = 0;
		};
		AB633ABF18F364ED00971630 /* Frameworks */ = {
			isa = PBXFrameworksBuildPhase;
			buildActionMask = 2147483647;
			files = (
				AB633ACA18F364ED00971630 /* libVIMNetworking.a in Frameworks */,
				AB633AC418F364ED00971630 /* XCTest.framework in Frameworks */,
				AB633AC518F364ED00971630 /* Foundation.framework in Frameworks */,
			);
			runOnlyForDeploymentPostprocessing = 0;
		};
/* End PBXFrameworksBuildPhase section */

/* Begin PBXGroup section */
		5007A5C11A8A846F007C5BF4 /* AMHKeychain */ = {
			isa = PBXGroup;
			children = (
				5007A5C21A8A846F007C5BF4 /* KeychainUtility.h */,
				5007A5C31A8A846F007C5BF4 /* KeychainUtility.m */,
			);
			path = AMHKeychain;
			sourceTree = "<group>";
		};
		501383871A1E564A00B63A38 /* Reachability */ = {
			isa = PBXGroup;
			children = (
				501383881A1E564A00B63A38 /* VIMReachability.h */,
				501383891A1E564A00B63A38 /* VIMReachability.m */,
			);
			path = Reachability;
			sourceTree = "<group>";
		};
		5013838B1A1E568F00B63A38 /* Auth */ = {
			isa = PBXGroup;
			children = (
				501383921A1E568F00B63A38 /* VIMAccountManager.h */,
				501383931A1E568F00B63A38 /* VIMAccountManager.m */,
				5013839A1A1E568F00B63A38 /* VIMOAuthAuthenticator.h */,
				5013839B1A1E568F00B63A38 /* VIMOAuthAuthenticator.m */,
				501383941A1E568F00B63A38 /* VIMAccountStore.h */,
				501383951A1E568F00B63A38 /* VIMAccountStore.m */,
				5013838C1A1E568F00B63A38 /* VIMAccount.h */,
				5013838D1A1E568F00B63A38 /* VIMAccount.m */,
				501383901A1E568F00B63A38 /* VIMAccountCredential.h */,
				501383911A1E568F00B63A38 /* VIMAccountCredential.m */,
			);
			path = Auth;
			sourceTree = "<group>";
		};
		501383AA1A1E743C00B63A38 /* Private */ = {
			isa = PBXGroup;
			children = (
				50F8F1DD1AB380CD0066CB6D /* Categories */,
				501383AE1A1E743C00B63A38 /* Model */,
				501383AF1A1E743C00B63A38 /* Networking */,
			);
			path = Private;
			sourceTree = "<group>";
		};
		501383AE1A1E743C00B63A38 /* Model */ = {
			isa = PBXGroup;
			children = (
				501383BE1A1E74A200B63A38 /* VIMAPIConfiguration.h */,
				501383BF1A1E74A200B63A38 /* VIMAPIConfiguration.m */,
				501383C01A1E74A200B63A38 /* VIMAppConfiguration.h */,
				501383C11A1E74A200B63A38 /* VIMAppConfiguration.m */,
				501383C21A1E74A200B63A38 /* VIMAppeal.h */,
				501383C31A1E74A200B63A38 /* VIMAppeal.m */,
				501383C61A1E74A200B63A38 /* VIMFacebookConfiguration.h */,
				501383C71A1E74A200B63A38 /* VIMFacebookConfiguration.m */,
				501383C81A1E74A200B63A38 /* VIMFeaturesConfiguration.h */,
				501383C91A1E74A200B63A38 /* VIMFeaturesConfiguration.m */,
				501383CA1A1E74A200B63A38 /* VIMTrigger.h */,
				501383CB1A1E74A200B63A38 /* VIMTrigger.m */,
				501383CC1A1E74A200B63A38 /* VIMVideoLog.h */,
				501383CD1A1E74A200B63A38 /* VIMVideoLog.m */,
			);
			path = Model;
			sourceTree = "<group>";
		};
		501383AF1A1E743C00B63A38 /* Networking */ = {
			isa = PBXGroup;
			children = (
				50E0EE421AD58EC6006BB5EB /* Certificate */,
				5018BAC41AAA342400087BC1 /* VIMAPIClient+Private.h */,
				50F8F0F91AB2249F0066CB6D /* VIMAccountManager+Private.h */,
			);
			path = Networking;
			sourceTree = "<group>";
		};
		50E0EE421AD58EC6006BB5EB /* Certificate */ = {
			isa = PBXGroup;
			children = (
				50E0EE431AD58EC6006BB5EB /* vimeo-api.cer */,
			);
			path = Certificate;
			sourceTree = "<group>";
		};
		50E0EE601AD5BC15006BB5EB /* Model */ = {
			isa = PBXGroup;
			children = (
				50E0EE611AD5BC15006BB5EB /* VIMUploadState.h */,
				50E0EE621AD5BC15006BB5EB /* VIMVideoAsset.h */,
				50E0EE631AD5BC15006BB5EB /* VIMVideoAsset.m */,
				50E0EE641AD5BC15006BB5EB /* VIMVideoMetadata.h */,
				50E0EE651AD5BC15006BB5EB /* VIMVideoMetadata.m */,
			);
			path = Model;
			sourceTree = "<group>";
		};
		50E0EE681AD5BC28006BB5EB /* NetworkTaskQueue */ = {
			isa = PBXGroup;
			children = (
				50E0EE691AD5BC28006BB5EB /* VIMNetworkTask.h */,
				50E0EE6A1AD5BC28006BB5EB /* VIMNetworkTask.m */,
				50E0EE6B1AD5BC28006BB5EB /* VIMNetworkTaskQueue.h */,
				50E0EE6C1AD5BC28006BB5EB /* VIMNetworkTaskQueue.m */,
				50E0EE781AD5C5C2006BB5EB /* VIMNetworkTaskSessionManager.h */,
				50E0EE791AD5C5C2006BB5EB /* VIMNetworkTaskSessionManager.m */,
			);
			path = NetworkTaskQueue;
			sourceTree = "<group>";
		};
		50E0EE7E1AD5C687006BB5EB /* Subtasks */ = {
			isa = PBXGroup;
			children = (
				50E0EE7F1AD5C687006BB5EB /* VIMActivateTicketTask.h */,
				50E0EE801AD5C687006BB5EB /* VIMActivateTicketTask.m */,
				50E0EE811AD5C687006BB5EB /* VIMAddMetadataTask.h */,
				50E0EE821AD5C687006BB5EB /* VIMAddMetadataTask.m */,
				50E0EE831AD5C687006BB5EB /* VIMCreateTicketTask.h */,
				50E0EE841AD5C687006BB5EB /* VIMCreateTicketTask.m */,
				50E0EE851AD5C687006BB5EB /* VIMTempFileMaker.h */,
				50E0EE861AD5C687006BB5EB /* VIMTempFileMaker.m */,
				50E0EE871AD5C687006BB5EB /* VIMUploadFileTask.h */,
				50E0EE881AD5C687006BB5EB /* VIMUploadFileTask.m */,
			);
			path = Subtasks;
			sourceTree = "<group>";
		};
		50F8F0FD1AB224ED0066CB6D /* AFNetworking */ = {
			isa = PBXGroup;
			children = (
				50E0EDC01ACD7DE6006BB5EB /* LICENSE */,
				50F8F0FE1AB224ED0066CB6D /* AFHTTPRequestOperation.h */,
				50F8F0FF1AB224ED0066CB6D /* AFHTTPRequestOperation.m */,
				50F8F1001AB224ED0066CB6D /* AFHTTPRequestOperationManager.h */,
				50F8F1011AB224ED0066CB6D /* AFHTTPRequestOperationManager.m */,
				50F8F1021AB224ED0066CB6D /* AFHTTPSessionManager.h */,
				50F8F1031AB224ED0066CB6D /* AFHTTPSessionManager.m */,
				50F8F1041AB224ED0066CB6D /* AFNetworking.h */,
				50F8F1051AB224ED0066CB6D /* AFNetworkReachabilityManager.h */,
				50F8F1061AB224ED0066CB6D /* AFNetworkReachabilityManager.m */,
				50F8F1071AB224ED0066CB6D /* AFSecurityPolicy.h */,
				50F8F1081AB224ED0066CB6D /* AFSecurityPolicy.m */,
				50F8F1091AB224ED0066CB6D /* AFURLConnectionOperation.h */,
				50F8F10A1AB224ED0066CB6D /* AFURLConnectionOperation.m */,
				50F8F10B1AB224ED0066CB6D /* AFURLRequestSerialization.h */,
				50F8F10C1AB224ED0066CB6D /* AFURLRequestSerialization.m */,
				50F8F10D1AB224ED0066CB6D /* AFURLResponseSerialization.h */,
				50F8F10E1AB224ED0066CB6D /* AFURLResponseSerialization.m */,
				50F8F10F1AB224ED0066CB6D /* AFURLSessionManager.h */,
				50F8F1101AB224ED0066CB6D /* AFURLSessionManager.m */,
				50F8F1111AB224ED0066CB6D /* UIKit+AFNetworking */,
			);
			path = AFNetworking;
			sourceTree = "<group>";
		};
		50F8F1111AB224ED0066CB6D /* UIKit+AFNetworking */ = {
			isa = PBXGroup;
			children = (
				50F8F1121AB224ED0066CB6D /* AFNetworkActivityIndicatorManager.h */,
				50F8F1131AB224ED0066CB6D /* AFNetworkActivityIndicatorManager.m */,
				50F8F1141AB224ED0066CB6D /* UIActivityIndicatorView+AFNetworking.h */,
				50F8F1151AB224ED0066CB6D /* UIActivityIndicatorView+AFNetworking.m */,
				50F8F1161AB224ED0066CB6D /* UIAlertView+AFNetworking.h */,
				50F8F1171AB224ED0066CB6D /* UIAlertView+AFNetworking.m */,
				50F8F1181AB224ED0066CB6D /* UIButton+AFNetworking.h */,
				50F8F1191AB224ED0066CB6D /* UIButton+AFNetworking.m */,
				50F8F11A1AB224ED0066CB6D /* UIImageView+AFNetworking.h */,
				50F8F11B1AB224ED0066CB6D /* UIImageView+AFNetworking.m */,
				50F8F11C1AB224ED0066CB6D /* UIKit+AFNetworking.h */,
				50F8F11D1AB224ED0066CB6D /* UIProgressView+AFNetworking.h */,
				50F8F11E1AB224ED0066CB6D /* UIProgressView+AFNetworking.m */,
				50F8F11F1AB224ED0066CB6D /* UIRefreshControl+AFNetworking.h */,
				50F8F1201AB224ED0066CB6D /* UIRefreshControl+AFNetworking.m */,
				50F8F1211AB224ED0066CB6D /* UIWebView+AFNetworking.h */,
				50F8F1221AB224ED0066CB6D /* UIWebView+AFNetworking.m */,
			);
			path = "UIKit+AFNetworking";
			sourceTree = "<group>";
		};
		50F8F1531AB37F0F0066CB6D /* Upload */ = {
			isa = PBXGroup;
			children = (
				50E0EE6F1AD5BC3A006BB5EB /* VIMTaskQueueDebugger.h */,
				50E0EE701AD5BC3A006BB5EB /* VIMTaskQueueDebugger.m */,
				AFCC3CBF1ACE305800D24B3B /* TaskQueue */,
				50E0EE681AD5BC28006BB5EB /* NetworkTaskQueue */,
				AFCC3CC41ACE305800D24B3B /* UploadTaskQueue */,
				50F8F1541AB37F0F0066CB6D /* Categories */,
			);
			path = Upload;
			sourceTree = "<group>";
		};
		50F8F1541AB37F0F0066CB6D /* Categories */ = {
			isa = PBXGroup;
			children = (
				50F8F1551AB37F0F0066CB6D /* AFHTTPSessionManager+Extensions.h */,
				50F8F1561AB37F0F0066CB6D /* AFHTTPSessionManager+Extensions.m */,
				50F8F1571AB37F0F0066CB6D /* NSURLSessionConfiguration+Extensions.h */,
				50F8F1581AB37F0F0066CB6D /* NSURLSessionConfiguration+Extensions.m */,
				509173BF1AE023EA00215AE0 /* AVAsset+Filesize.h */,
				509173C01AE023EA00215AE0 /* AVAsset+Filesize.m */,
			);
			path = Categories;
			sourceTree = "<group>";
		};
		50F8F1DD1AB380CD0066CB6D /* Categories */ = {
			isa = PBXGroup;
			children = (
				50F8F1DE1AB380CD0066CB6D /* NSString+MD5.h */,
				50F8F1DF1AB380CD0066CB6D /* NSString+MD5.m */,
			);
			path = Categories;
			sourceTree = "<group>";
		};
		6859F6E9196D8C9400305093 /* Errors */ = {
			isa = PBXGroup;
			children = (
				685AB72F1976BC8E00A61CCA /* VIMErrorDomain.h */,
				685AB7301976BC8E00A61CCA /* VIMErrorDomain.m */,
				685AB7321976C05900A61CCA /* VIMUploadErrorDomain.h */,
				685AB7331976C05900A61CCA /* VIMUploadErrorDomain.m */,
				68ED334F1974457000EDD22F /* NSError+BaseError.h */,
				68ED33501974457000EDD22F /* NSError+BaseError.m */,
			);
			name = Errors;
			path = ErrorReporting;
			sourceTree = "<group>";
		};
		AB633AA918F364ED00971630 = {
			isa = PBXGroup;
			children = (
				AB633AB718F364ED00971630 /* VIMNetworking */,
				AB633ACB18F364ED00971630 /* VIMNetworkingTests */,
				AB633AB418F364ED00971630 /* Frameworks */,
				AB633AB318F364ED00971630 /* Products */,
			);
			sourceTree = "<group>";
		};
		AB633AB318F364ED00971630 /* Products */ = {
			isa = PBXGroup;
			children = (
				AB633AB218F364ED00971630 /* libVIMNetworking.a */,
				AB633AC218F364ED00971630 /* VIMNetworkingTests.xctest */,
			);
			name = Products;
			sourceTree = "<group>";
		};
		AB633AB418F364ED00971630 /* Frameworks */ = {
			isa = PBXGroup;
			children = (
				5007A5BA1A801485007C5BF4 /* Security.framework */,
				50C02F2F1A7C1334006B730D /* Social.framework */,
				50C02F2D1A7C1328006B730D /* Accounts.framework */,
				AB633AB518F364ED00971630 /* Foundation.framework */,
				AB633AC318F364ED00971630 /* XCTest.framework */,
			);
			name = Frameworks;
			sourceTree = "<group>";
		};
		AB633AB718F364ED00971630 /* VIMNetworking */ = {
			isa = PBXGroup;
			children = (
				AB633ABA18F364ED00971630 /* VIMNetworking.h */,
				501383AA1A1E743C00B63A38 /* Private */,
				AB633ADB18F365AB00971630 /* Networking */,
				AB633B6618F36B1E00971630 /* Caching */,
				AB633B2618F365AB00971630 /* Model */,
				AB633B0918F365AB00971630 /* External */,
				AB633AB818F364ED00971630 /* Supporting Files */,
			);
			path = VIMNetworking;
			sourceTree = "<group>";
		};
		AB633AB818F364ED00971630 /* Supporting Files */ = {
			isa = PBXGroup;
			children = (
				AB633AB918F364ED00971630 /* VIMNetworking-Prefix.pch */,
			);
			name = "Supporting Files";
			sourceTree = "<group>";
		};
		AB633ACB18F364ED00971630 /* VIMNetworkingTests */ = {
			isa = PBXGroup;
			children = (
				AB633AD118F364ED00971630 /* VIMNetworkingTests.m */,
				AB633ACC18F364ED00971630 /* Supporting Files */,
			);
			path = VIMNetworkingTests;
			sourceTree = "<group>";
		};
		AB633ACC18F364ED00971630 /* Supporting Files */ = {
			isa = PBXGroup;
			children = (
				AB633ACD18F364ED00971630 /* VIMNetworkingTests-Info.plist */,
				AB633ACE18F364ED00971630 /* InfoPlist.strings */,
			);
			name = "Supporting Files";
			sourceTree = "<group>";
		};
		AB633ADB18F365AB00971630 /* Networking */ = {
			isa = PBXGroup;
			children = (
				50F8F1531AB37F0F0066CB6D /* Upload */,
				5013838B1A1E568F00B63A38 /* Auth */,
				AB633AFD18F365AB00971630 /* VimeoClient */,
				6859F6E9196D8C9400305093 /* Errors */,
				501383871A1E564A00B63A38 /* Reachability */,
			);
			path = Networking;
			sourceTree = "<group>";
		};
		AB633AFD18F365AB00971630 /* VimeoClient */ = {
			isa = PBXGroup;
			children = (
				1BB16D0C194216B1001B475C /* VIMSessionManager.h */,
				1BB16D0D194216B1001B475C /* VIMSessionManager.m */,
				501766FA19CC890600D8DC68 /* VIMSession.h */,
				501766FB19CC890600D8DC68 /* VIMSession.m */,
				501766FD19CC89A400D8DC68 /* VIMSessionConfiguration.h */,
				501766FE19CC89A400D8DC68 /* VIMSessionConfiguration.m */,
				50EB14CF192BCB61002B908C /* VIMAPIClient.h */,
				50EB14D0192BCB61002B908C /* VIMAPIClient.m */,
				AB633B0718F365AB00971630 /* VIMRequestOperationManager.h */,
				AB633B0818F365AB00971630 /* VIMRequestOperationManager.m */,
				AB633AFE18F365AB00971630 /* VIMRequestDescriptor.h */,
				AB633AFF18F365AB00971630 /* VIMRequestDescriptor.m */,
				AB633B0018F365AB00971630 /* VIMRequestOperation.h */,
				AB633B0118F365AB00971630 /* VIMRequestOperation.m */,
				AB633B0318F365AB00971630 /* VIMServerResponse.h */,
				AB633B0418F365AB00971630 /* VIMServerResponse.m */,
				1BC0690B19AE547600F7B993 /* VIMRequestSerializer.h */,
				1BC0690C19AE547600F7B993 /* VIMRequestSerializer.m */,
				501766F719CC6D7700D8DC68 /* VIMResponseSerializer.h */,
				501766F819CC6D7700D8DC68 /* VIMResponseSerializer.m */,
				AB633B0218F365AB00971630 /* VIMRequestToken.h */,
				5017670419CCDB8700D8DC68 /* VIMServerResponseMapper.h */,
				5017670519CCDB8700D8DC68 /* VIMServerResponseMapper.m */,
				50FF8B4B1A1BCCFD008BA7DC /* VIMRequestRetryManager.h */,
				50FF8B4C1A1BCCFD008BA7DC /* VIMRequestRetryManager.m */,
			);
			path = VimeoClient;
			sourceTree = "<group>";
		};
		AB633B0918F365AB00971630 /* External */ = {
			isa = PBXGroup;
			children = (
				AFCC3CB31ACE2AC400D24B3B /* VIMObjectMapper */,
				50F8F0FD1AB224ED0066CB6D /* AFNetworking */,
				5007A5C11A8A846F007C5BF4 /* AMHKeychain */,
			);
			path = External;
			sourceTree = "<group>";
		};
		AB633B2618F365AB00971630 /* Model */ = {
			isa = PBXGroup;
			children = (
				AB633B2B18F365AB00971630 /* VIMPicture.h */,
				AB633B2C18F365AB00971630 /* VIMPicture.m */,
				687B155719B903770068D14F /* VIMPictureCollection.h */,
				687B155819B903770068D14F /* VIMPictureCollection.m */,
				AB633B2D18F365AB00971630 /* VIMUser.h */,
				AB633B2E18F365AB00971630 /* VIMUser.m */,
				AB633B2F18F365AB00971630 /* VIMVideo.h */,
				AB633B3018F365AB00971630 /* VIMVideo.m */,
				AB633B3118F365AB00971630 /* VIMVideoFile.h */,
				AB633B3218F365AB00971630 /* VIMVideoFile.m */,
				1BBDB299194F48A3004D5515 /* VIMConnection.h */,
				1BBDB29A194F48A3004D5515 /* VIMConnection.m */,
				1B374A2319D1D3CA004B011B /* VIMInteraction.h */,
				1B374A2419D1D3CA004B011B /* VIMInteraction.m */,
				1BB512F219D34A2F00277888 /* VIMPrivacy.h */,
				1BB512F319D34A2F00277888 /* VIMPrivacy.m */,
				1B5D7EE819D4A01700CFCBF1 /* VIMComment.h */,
				1B5D7EE919D4A01700CFCBF1 /* VIMComment.m */,
				1BB43AE919D5B8AF00ADD464 /* VIMActivity.h */,
				1BB43AEA19D5B8AF00ADD464 /* VIMActivity.m */,
				50E6673019DB5DCE000173DD /* VIMChannel.h */,
				50E6673119DB5DCE000173DD /* VIMChannel.m */,
				500AAC5319E6FBAB008DC568 /* VIMGroup.h */,
				500AAC5419E6FBAB008DC568 /* VIMGroup.m */,
				011BC2AB1A0972F3002D9737 /* VIMTag.h */,
				011BC2AC1A0972F3002D9737 /* VIMTag.m */,
			);
			path = Model;
			sourceTree = "<group>";
		};
		AB633B6618F36B1E00971630 /* Caching */ = {
			isa = PBXGroup;
			children = (
				AB633B6718F36B1E00971630 /* VIMCache.h */,
				AB633B6818F36B1E00971630 /* VIMCache.m */,
			);
			path = Caching;
			sourceTree = "<group>";
		};
		AFCC3CB31ACE2AC400D24B3B /* VIMObjectMapper */ = {
			isa = PBXGroup;
			children = (
				AFCC3CB71ACE2AC400D24B3B /* VIMMappable.h */,
				AFCC3CB81ACE2AC400D24B3B /* VIMModelObject.h */,
				AFCC3CB91ACE2AC400D24B3B /* VIMModelObject.m */,
				AFCC3CBA1ACE2AC400D24B3B /* VIMObjectMapper.h */,
				AFCC3CBB1ACE2AC400D24B3B /* VIMObjectMapper.m */,
			);
			path = VIMObjectMapper;
			sourceTree = "<group>";
		};
		AFCC3CBF1ACE305800D24B3B /* TaskQueue */ = {
			isa = PBXGroup;
			children = (
				AFCC3CC01ACE305800D24B3B /* VIMTask.h */,
				AFCC3CC11ACE305800D24B3B /* VIMTask.m */,
				AFCC3CC21ACE305800D24B3B /* VIMTaskQueue.h */,
				AFCC3CC31ACE305800D24B3B /* VIMTaskQueue.m */,
			);
			path = TaskQueue;
			sourceTree = "<group>";
		};
		AFCC3CC41ACE305800D24B3B /* UploadTaskQueue */ = {
			isa = PBXGroup;
			children = (
				50E0EE891AD5C687006BB5EB /* VIMUploadTask.h */,
				50E0EE8A1AD5C687006BB5EB /* VIMUploadTask.m */,
				AFCC3CD61ACE305800D24B3B /* VIMUploadTaskQueue.h */,
				AFCC3CD71ACE305800D24B3B /* VIMUploadTaskQueue.m */,
				50E0EE7B1AD5C5D1006BB5EB /* VIMUploadSessionManager.h */,
				50E0EE7C1AD5C5D1006BB5EB /* VIMUploadSessionManager.m */,
				50E0EE211ACEF5F7006BB5EB /* VIMUploadTaskQueueTracker.h */,
				50E0EE221ACEF5F7006BB5EB /* VIMUploadTaskQueueTracker.m */,
				50E0EE7E1AD5C687006BB5EB /* Subtasks */,
				50E0EE601AD5BC15006BB5EB /* Model */,
			);
			path = UploadTaskQueue;
			sourceTree = "<group>";
		};
/* End PBXGroup section */

/* Begin PBXNativeTarget section */
		AB633AB118F364ED00971630 /* VIMNetworking */ = {
			isa = PBXNativeTarget;
			buildConfigurationList = AB633AD518F364ED00971630 /* Build configuration list for PBXNativeTarget "VIMNetworking" */;
			buildPhases = (
				AB633AAE18F364ED00971630 /* Sources */,
				AB633AAF18F364ED00971630 /* Frameworks */,
				AB633AB018F364ED00971630 /* CopyFiles */,
			);
			buildRules = (
			);
			dependencies = (
			);
			name = VIMNetworking;
			productName = VIMNetworking;
			productReference = AB633AB218F364ED00971630 /* libVIMNetworking.a */;
			productType = "com.apple.product-type.library.static";
		};
		AB633AC118F364ED00971630 /* VIMNetworkingTests */ = {
			isa = PBXNativeTarget;
			buildConfigurationList = AB633AD818F364ED00971630 /* Build configuration list for PBXNativeTarget "VIMNetworkingTests" */;
			buildPhases = (
				AB633ABE18F364ED00971630 /* Sources */,
				AB633ABF18F364ED00971630 /* Frameworks */,
				AB633AC018F364ED00971630 /* Resources */,
			);
			buildRules = (
			);
			dependencies = (
				AB633AC918F364ED00971630 /* PBXTargetDependency */,
			);
			name = VIMNetworkingTests;
			productName = VIMNetworkingTests;
			productReference = AB633AC218F364ED00971630 /* VIMNetworkingTests.xctest */;
			productType = "com.apple.product-type.bundle.unit-test";
		};
/* End PBXNativeTarget section */

/* Begin PBXProject section */
		AB633AAA18F364ED00971630 /* Project object */ = {
			isa = PBXProject;
			attributes = {
				LastUpgradeCheck = 0510;
				ORGANIZATIONNAME = Vimeo;
			};
			buildConfigurationList = AB633AAD18F364ED00971630 /* Build configuration list for PBXProject "VIMNetworking" */;
			compatibilityVersion = "Xcode 3.2";
			developmentRegion = English;
			hasScannedForEncodings = 0;
			knownRegions = (
				en,
			);
			mainGroup = AB633AA918F364ED00971630;
			productRefGroup = AB633AB318F364ED00971630 /* Products */;
			projectDirPath = "";
			projectRoot = "";
			targets = (
				AB633AB118F364ED00971630 /* VIMNetworking */,
				AB633AC118F364ED00971630 /* VIMNetworkingTests */,
			);
		};
/* End PBXProject section */

/* Begin PBXResourcesBuildPhase section */
		AB633AC018F364ED00971630 /* Resources */ = {
			isa = PBXResourcesBuildPhase;
			buildActionMask = 2147483647;
			files = (
				AB633AD018F364ED00971630 /* InfoPlist.strings in Resources */,
			);
			runOnlyForDeploymentPostprocessing = 0;
		};
/* End PBXResourcesBuildPhase section */

/* Begin PBXSourcesBuildPhase section */
		AB633AAE18F364ED00971630 /* Sources */ = {
			isa = PBXSourcesBuildPhase;
			buildActionMask = 2147483647;
			files = (
				50F8F1311AB224ED0066CB6D /* UIProgressView+AFNetworking.m in Sources */,
				501383CE1A1E74A200B63A38 /* VIMAPIConfiguration.m in Sources */,
				50E0EE7D1AD5C5D1006BB5EB /* VIMUploadSessionManager.m in Sources */,
				501766FC19CC890600D8DC68 /* VIMSession.m in Sources */,
				50E6673219DB5DCE000173DD /* VIMChannel.m in Sources */,
				50E0EE731AD5BC3A006BB5EB /* VIMTaskQueueDebugger.m in Sources */,
				50E0EE8C1AD5C687006BB5EB /* VIMAddMetadataTask.m in Sources */,
				AFCC3CBE1ACE2AC400D24B3B /* VIMObjectMapper.m in Sources */,
				509173C11AE023EA00215AE0 /* AVAsset+Filesize.m in Sources */,
				AB633B4718F365AB00971630 /* VIMServerResponse.m in Sources */,
				50FF8B4D1A1BCCFD008BA7DC /* VIMRequestRetryManager.m in Sources */,
				50F8F12C1AB224ED0066CB6D /* AFNetworkActivityIndicatorManager.m in Sources */,
				5017670619CCDB8700D8DC68 /* VIMServerResponseMapper.m in Sources */,
				AB633B5B18F365AB00971630 /* VIMVideoFile.m in Sources */,
				AB633B4518F365AB00971630 /* VIMRequestDescriptor.m in Sources */,
				50F8F12F1AB224ED0066CB6D /* UIButton+AFNetworking.m in Sources */,
				50F8F12E1AB224ED0066CB6D /* UIAlertView+AFNetworking.m in Sources */,
				1B5D7EEA19D4A01700CFCBF1 /* VIMComment.m in Sources */,
				501383D51A1E74A200B63A38 /* VIMVideoLog.m in Sources */,
				50F8F12A1AB224ED0066CB6D /* AFURLResponseSerialization.m in Sources */,
				50F8F1281AB224ED0066CB6D /* AFURLConnectionOperation.m in Sources */,
				50F8F1791AB37F0F0066CB6D /* AFHTTPSessionManager+Extensions.m in Sources */,
				AFCC3CD81ACE305800D24B3B /* VIMTask.m in Sources */,
				AB633B5818F365AB00971630 /* VIMPicture.m in Sources */,
				50F8F1E01AB380CD0066CB6D /* NSString+MD5.m in Sources */,
				AB633B5A18F365AB00971630 /* VIMVideo.m in Sources */,
				501766FF19CC89A400D8DC68 /* VIMSessionConfiguration.m in Sources */,
				5013839C1A1E568F00B63A38 /* VIMAccount.m in Sources */,
				5013838A1A1E564A00B63A38 /* VIMReachability.m in Sources */,
				AB633B4618F365AB00971630 /* VIMRequestOperation.m in Sources */,
				1B374A2519D1D3CA004B011B /* VIMInteraction.m in Sources */,
				5013839F1A1E568F00B63A38 /* VIMAccountManager.m in Sources */,
				50F8F1321AB224ED0066CB6D /* UIRefreshControl+AFNetworking.m in Sources */,
				5013839E1A1E568F00B63A38 /* VIMAccountCredential.m in Sources */,
				500AAC5519E6FBAB008DC568 /* VIMGroup.m in Sources */,
				501383A31A1E568F00B63A38 /* VIMOAuthAuthenticator.m in Sources */,
				50E0EE6D1AD5BC28006BB5EB /* VIMNetworkTask.m in Sources */,
				501383D41A1E74A200B63A38 /* VIMTrigger.m in Sources */,
				50F8F1301AB224ED0066CB6D /* UIImageView+AFNetworking.m in Sources */,
				50F8F1261AB224ED0066CB6D /* AFNetworkReachabilityManager.m in Sources */,
				1BB43AEB19D5B8AF00ADD464 /* VIMActivity.m in Sources */,
				AB633B5918F365AB00971630 /* VIMUser.m in Sources */,
				AFCC3CE21ACE305800D24B3B /* VIMUploadTaskQueue.m in Sources */,
				50E0EE901AD5C687006BB5EB /* VIMUploadTask.m in Sources */,
				AB633B6E18F36B1E00971630 /* VIMCache.m in Sources */,
				AFCC3CD91ACE305800D24B3B /* VIMTaskQueue.m in Sources */,
				1BB512F419D34A2F00277888 /* VIMPrivacy.m in Sources */,
				50EB14D1192BCB61002B908C /* VIMAPIClient.m in Sources */,
				50F8F12B1AB224ED0066CB6D /* AFURLSessionManager.m in Sources */,
				50E0EE8F1AD5C687006BB5EB /* VIMUploadFileTask.m in Sources */,
				50E0EE8E1AD5C687006BB5EB /* VIMTempFileMaker.m in Sources */,
				501383D01A1E74A200B63A38 /* VIMAppeal.m in Sources */,
				501766F919CC6D7700D8DC68 /* VIMResponseSerializer.m in Sources */,
				50E0EE8D1AD5C687006BB5EB /* VIMCreateTicketTask.m in Sources */,
				685AB7341976C05900A61CCA /* VIMUploadErrorDomain.m in Sources */,
				501383A01A1E568F00B63A38 /* VIMAccountStore.m in Sources */,
				AB633B4918F365AB00971630 /* VIMRequestOperationManager.m in Sources */,
				687B155919B903770068D14F /* VIMPictureCollection.m in Sources */,
				501383D21A1E74A200B63A38 /* VIMFacebookConfiguration.m in Sources */,
				50E0EE671AD5BC15006BB5EB /* VIMVideoMetadata.m in Sources */,
				1BB16D0E194216B1001B475C /* VIMSessionManager.m in Sources */,
				50E0EE7A1AD5C5C2006BB5EB /* VIMNetworkTaskSessionManager.m in Sources */,
				50F8F1291AB224ED0066CB6D /* AFURLRequestSerialization.m in Sources */,
				5007A5C41A8A846F007C5BF4 /* KeychainUtility.m in Sources */,
				50E0EE661AD5BC15006BB5EB /* VIMVideoAsset.m in Sources */,
				1BC0690D19AE547600F7B993 /* VIMRequestSerializer.m in Sources */,
				50F8F1241AB224ED0066CB6D /* AFHTTPRequestOperationManager.m in Sources */,
				50E0EE6E1AD5BC28006BB5EB /* VIMNetworkTaskQueue.m in Sources */,
				50F8F12D1AB224ED0066CB6D /* UIActivityIndicatorView+AFNetworking.m in Sources */,
				501383D31A1E74A200B63A38 /* VIMFeaturesConfiguration.m in Sources */,
				011BC2AD1A0972F3002D9737 /* VIMTag.m in Sources */,
				50F8F1231AB224ED0066CB6D /* AFHTTPRequestOperation.m in Sources */,
				50E0EE231ACEF5F7006BB5EB /* VIMUploadTaskQueueTracker.m in Sources */,
				685AB7311976BC8E00A61CCA /* VIMErrorDomain.m in Sources */,
				50F8F1251AB224ED0066CB6D /* AFHTTPSessionManager.m in Sources */,
				68ED33511974457000EDD22F /* NSError+BaseError.m in Sources */,
				50F8F1271AB224ED0066CB6D /* AFSecurityPolicy.m in Sources */,
				1BBDB29B194F48A3004D5515 /* VIMConnection.m in Sources */,
				501383CF1A1E74A200B63A38 /* VIMAppConfiguration.m in Sources */,
				50F8F1331AB224ED0066CB6D /* UIWebView+AFNetworking.m in Sources */,
				AFCC3CBD1ACE2AC400D24B3B /* VIMModelObject.m in Sources */,
				50E0EE8B1AD5C687006BB5EB /* VIMActivateTicketTask.m in Sources */,
				50F8F17A1AB37F0F0066CB6D /* NSURLSessionConfiguration+Extensions.m in Sources */,
			);
			runOnlyForDeploymentPostprocessing = 0;
		};
		AB633ABE18F364ED00971630 /* Sources */ = {
			isa = PBXSourcesBuildPhase;
			buildActionMask = 2147483647;
			files = (
				1BBDB29C194F48A3004D5515 /* VIMConnection.m in Sources */,
				AB633AD218F364ED00971630 /* VIMNetworkingTests.m in Sources */,
			);
			runOnlyForDeploymentPostprocessing = 0;
		};
/* End PBXSourcesBuildPhase section */

/* Begin PBXTargetDependency section */
		AB633AC918F364ED00971630 /* PBXTargetDependency */ = {
			isa = PBXTargetDependency;
			target = AB633AB118F364ED00971630 /* VIMNetworking */;
			targetProxy = AB633AC818F364ED00971630 /* PBXContainerItemProxy */;
		};
/* End PBXTargetDependency section */

/* Begin PBXVariantGroup section */
		AB633ACE18F364ED00971630 /* InfoPlist.strings */ = {
			isa = PBXVariantGroup;
			children = (
				AB633ACF18F364ED00971630 /* en */,
			);
			name = InfoPlist.strings;
			sourceTree = "<group>";
		};
/* End PBXVariantGroup section */

/* Begin XCBuildConfiguration section */
		AB633AD318F364ED00971630 /* Debug */ = {
			isa = XCBuildConfiguration;
			buildSettings = {
				ALWAYS_SEARCH_USER_PATHS = NO;
				CLANG_CXX_LANGUAGE_STANDARD = "gnu++0x";
				CLANG_CXX_LIBRARY = "libc++";
				CLANG_ENABLE_MODULES = YES;
				CLANG_ENABLE_OBJC_ARC = YES;
				CLANG_WARN_BOOL_CONVERSION = YES;
				CLANG_WARN_CONSTANT_CONVERSION = YES;
				CLANG_WARN_DIRECT_OBJC_ISA_USAGE = YES_ERROR;
				CLANG_WARN_EMPTY_BODY = YES;
				CLANG_WARN_ENUM_CONVERSION = YES;
				CLANG_WARN_INT_CONVERSION = YES;
				CLANG_WARN_OBJC_ROOT_CLASS = YES_ERROR;
				CLANG_WARN__DUPLICATE_METHOD_MATCH = YES;
				COPY_PHASE_STRIP = NO;
				GCC_C_LANGUAGE_STANDARD = gnu99;
				GCC_DYNAMIC_NO_PIC = NO;
				GCC_OPTIMIZATION_LEVEL = 0;
				GCC_PREPROCESSOR_DEFINITIONS = (
					"DEBUG=1",
					"$(inherited)",
				);
				GCC_SYMBOLS_PRIVATE_EXTERN = NO;
				GCC_WARN_64_TO_32_BIT_CONVERSION = YES;
				GCC_WARN_ABOUT_RETURN_TYPE = YES_ERROR;
				GCC_WARN_UNDECLARED_SELECTOR = YES;
				GCC_WARN_UNINITIALIZED_AUTOS = YES_AGGRESSIVE;
				GCC_WARN_UNUSED_FUNCTION = YES;
				GCC_WARN_UNUSED_VARIABLE = YES;
				IPHONEOS_DEPLOYMENT_TARGET = 7.1;
				ONLY_ACTIVE_ARCH = YES;
				SDKROOT = iphoneos;
			};
			name = Debug;
		};
		AB633AD418F364ED00971630 /* Release */ = {
			isa = XCBuildConfiguration;
			buildSettings = {
				ALWAYS_SEARCH_USER_PATHS = NO;
				CLANG_CXX_LANGUAGE_STANDARD = "gnu++0x";
				CLANG_CXX_LIBRARY = "libc++";
				CLANG_ENABLE_MODULES = YES;
				CLANG_ENABLE_OBJC_ARC = YES;
				CLANG_WARN_BOOL_CONVERSION = YES;
				CLANG_WARN_CONSTANT_CONVERSION = YES;
				CLANG_WARN_DIRECT_OBJC_ISA_USAGE = YES_ERROR;
				CLANG_WARN_EMPTY_BODY = YES;
				CLANG_WARN_ENUM_CONVERSION = YES;
				CLANG_WARN_INT_CONVERSION = YES;
				CLANG_WARN_OBJC_ROOT_CLASS = YES_ERROR;
				CLANG_WARN__DUPLICATE_METHOD_MATCH = YES;
				COPY_PHASE_STRIP = YES;
				ENABLE_NS_ASSERTIONS = NO;
				GCC_C_LANGUAGE_STANDARD = gnu99;
				GCC_WARN_64_TO_32_BIT_CONVERSION = YES;
				GCC_WARN_ABOUT_RETURN_TYPE = YES_ERROR;
				GCC_WARN_UNDECLARED_SELECTOR = YES;
				GCC_WARN_UNINITIALIZED_AUTOS = YES_AGGRESSIVE;
				GCC_WARN_UNUSED_FUNCTION = YES;
				GCC_WARN_UNUSED_VARIABLE = YES;
				IPHONEOS_DEPLOYMENT_TARGET = 7.1;
				SDKROOT = iphoneos;
				VALIDATE_PRODUCT = YES;
			};
			name = Release;
		};
		AB633AD618F364ED00971630 /* Debug */ = {
			isa = XCBuildConfiguration;
			buildSettings = {
				DSTROOT = /tmp/VIMNetworking.dst;
				GCC_PRECOMPILE_PREFIX_HEADER = YES;
				GCC_PREFIX_HEADER = "VIMNetworking/VIMNetworking-Prefix.pch";
				GCC_TREAT_WARNINGS_AS_ERRORS = YES;
				OTHER_LDFLAGS = "-ObjC";
				PRODUCT_NAME = "$(TARGET_NAME)";
				SKIP_INSTALL = YES;
			};
			name = Debug;
		};
		AB633AD718F364ED00971630 /* Release */ = {
			isa = XCBuildConfiguration;
			buildSettings = {
				DSTROOT = /tmp/VIMNetworking.dst;
				GCC_PRECOMPILE_PREFIX_HEADER = YES;
				GCC_PREFIX_HEADER = "VIMNetworking/VIMNetworking-Prefix.pch";
				GCC_TREAT_WARNINGS_AS_ERRORS = YES;
				OTHER_LDFLAGS = "-ObjC";
				PRODUCT_NAME = "$(TARGET_NAME)";
				SKIP_INSTALL = YES;
			};
			name = Release;
		};
		AB633AD918F364ED00971630 /* Debug */ = {
			isa = XCBuildConfiguration;
			buildSettings = {
				FRAMEWORK_SEARCH_PATHS = (
					"$(SDKROOT)/Developer/Library/Frameworks",
					"$(inherited)",
					"$(DEVELOPER_FRAMEWORKS_DIR)",
				);
				GCC_PRECOMPILE_PREFIX_HEADER = YES;
				GCC_PREFIX_HEADER = "VIMNetworking/VIMNetworking-Prefix.pch";
				GCC_PREPROCESSOR_DEFINITIONS = (
					"DEBUG=1",
					"$(inherited)",
				);
				INFOPLIST_FILE = "VIMNetworkingTests/VIMNetworkingTests-Info.plist";
				PRODUCT_NAME = "$(TARGET_NAME)";
				WRAPPER_EXTENSION = xctest;
			};
			name = Debug;
		};
		AB633ADA18F364ED00971630 /* Release */ = {
			isa = XCBuildConfiguration;
			buildSettings = {
				FRAMEWORK_SEARCH_PATHS = (
					"$(SDKROOT)/Developer/Library/Frameworks",
					"$(inherited)",
					"$(DEVELOPER_FRAMEWORKS_DIR)",
				);
				GCC_PRECOMPILE_PREFIX_HEADER = YES;
				GCC_PREFIX_HEADER = "VIMNetworking/VIMNetworking-Prefix.pch";
				INFOPLIST_FILE = "VIMNetworkingTests/VIMNetworkingTests-Info.plist";
				PRODUCT_NAME = "$(TARGET_NAME)";
				WRAPPER_EXTENSION = xctest;
			};
			name = Release;
		};
/* End XCBuildConfiguration section */

/* Begin XCConfigurationList section */
		AB633AAD18F364ED00971630 /* Build configuration list for PBXProject "VIMNetworking" */ = {
			isa = XCConfigurationList;
			buildConfigurations = (
				AB633AD318F364ED00971630 /* Debug */,
				AB633AD418F364ED00971630 /* Release */,
			);
			defaultConfigurationIsVisible = 0;
			defaultConfigurationName = Release;
		};
		AB633AD518F364ED00971630 /* Build configuration list for PBXNativeTarget "VIMNetworking" */ = {
			isa = XCConfigurationList;
			buildConfigurations = (
				AB633AD618F364ED00971630 /* Debug */,
				AB633AD718F364ED00971630 /* Release */,
			);
			defaultConfigurationIsVisible = 0;
			defaultConfigurationName = Release;
		};
		AB633AD818F364ED00971630 /* Build configuration list for PBXNativeTarget "VIMNetworkingTests" */ = {
			isa = XCConfigurationList;
			buildConfigurations = (
				AB633AD918F364ED00971630 /* Debug */,
				AB633ADA18F364ED00971630 /* Release */,
			);
			defaultConfigurationIsVisible = 0;
			defaultConfigurationName = Release;
		};
/* End XCConfigurationList section */
	};
	rootObject = AB633AAA18F364ED00971630 /* Project object */;
}
